{
    "_meta": {
        "hash": {
            "sha256": "82e9c29841690f16992a32d16d3e765fe158a77aef3a8182e8b2877e64c00efd"
        },
        "pipfile-spec": 6,
        "requires": {
            "python_version": "3.8"
        },
        "sources": [
            {
                "name": "pypi",
                "url": "https://pypi.org/simple",
                "verify_ssl": true
            }
        ]
    },
    "default": {
        "aiohttp": {
            "hashes": [
                "sha256:01d7bdb774a9acc838e6b8f1d114f45303841b89b95984cbb7d80ea41172a9e3",
                "sha256:03a6d5349c9ee8f79ab3ff3694d6ce1cfc3ced1c9d36200cb8f08ba06bd3b782",
                "sha256:04d48b8ce6ab3cf2097b1855e1505181bdd05586ca275f2505514a6e274e8e75",
                "sha256:0770e2806a30e744b4e21c9d73b7bee18a1cfa3c47991ee2e5a65b887c49d5cf",
                "sha256:07b05cd3305e8a73112103c834e91cd27ce5b4bd07850c4b4dbd1877d3f45be7",
                "sha256:086f92daf51a032d062ec5f58af5ca6a44d082c35299c96376a41cbb33034675",
                "sha256:099ebd2c37ac74cce10a3527d2b49af80243e2a4fa39e7bce41617fbc35fa3c1",
                "sha256:0c7ebbbde809ff4e970824b2b6cb7e4222be6b95a296e46c03cf050878fc1785",
                "sha256:102e487eeb82afac440581e5d7f8f44560b36cf0bdd11abc51a46c1cd88914d4",
                "sha256:11691cf4dc5b94236ccc609b70fec991234e7ef8d4c02dd0c9668d1e486f5abf",
                "sha256:11a67c0d562e07067c4e86bffc1553f2cf5b664d6111c894671b2b8712f3aba5",
                "sha256:12de6add4038df8f72fac606dff775791a60f113a725c960f2bab01d8b8e6b15",
                "sha256:13487abd2f761d4be7c8ff9080de2671e53fff69711d46de703c310c4c9317ca",
                "sha256:15b09b06dae900777833fe7fc4b4aa426556ce95847a3e8d7548e2d19e34edb8",
                "sha256:1c182cb873bc91b411e184dab7a2b664d4fea2743df0e4d57402f7f3fa644bac",
                "sha256:1ed0b6477896559f17b9eaeb6d38e07f7f9ffe40b9f0f9627ae8b9926ae260a8",
                "sha256:28d490af82bc6b7ce53ff31337a18a10498303fe66f701ab65ef27e143c3b0ef",
                "sha256:2e5d962cf7e1d426aa0e528a7e198658cdc8aa4fe87f781d039ad75dcd52c516",
                "sha256:2ed076098b171573161eb146afcb9129b5ff63308960aeca4b676d9d3c35e700",
                "sha256:2f2f69dca064926e79997f45b2f34e202b320fd3782f17a91941f7eb85502ee2",
                "sha256:31560d268ff62143e92423ef183680b9829b1b482c011713ae941997921eebc8",
                "sha256:31d1e1c0dbf19ebccbfd62eff461518dcb1e307b195e93bba60c965a4dcf1ba0",
                "sha256:37951ad2f4a6df6506750a23f7cbabad24c73c65f23f72e95897bb2cecbae676",
                "sha256:3af642b43ce56c24d063325dd2cf20ee012d2b9ba4c3c008755a301aaea720ad",
                "sha256:44db35a9e15d6fe5c40d74952e803b1d96e964f683b5a78c3cc64eb177878155",
                "sha256:473d93d4450880fe278696549f2e7aed8cd23708c3c1997981464475f32137db",
                "sha256:477c3ea0ba410b2b56b7efb072c36fa91b1e6fc331761798fa3f28bb224830dd",
                "sha256:4a4a4e30bf1edcad13fb0804300557aedd07a92cabc74382fdd0ba6ca2661091",
                "sha256:4aed991a28ea3ce320dc8ce655875e1e00a11bdd29fe9444dd4f88c30d558602",
                "sha256:51467000f3647d519272392f484126aa716f747859794ac9924a7aafa86cd411",
                "sha256:55c3d1072704d27401c92339144d199d9de7b52627f724a949fc7d5fc56d8b93",
                "sha256:589c72667a5febd36f1315aa6e5f56dd4aa4862df295cb51c769d16142ddd7cd",
                "sha256:5bfde62d1d2641a1f5173b8c8c2d96ceb4854f54a44c23102e2ccc7e02f003ec",
                "sha256:5c23b1ad869653bc818e972b7a3a79852d0e494e9ab7e1a701a3decc49c20d51",
                "sha256:61bfc23df345d8c9716d03717c2ed5e27374e0fe6f659ea64edcd27b4b044cf7",
                "sha256:6ae828d3a003f03ae31915c31fa684b9890ea44c9c989056fea96e3d12a9fa17",
                "sha256:6c7cefb4b0640703eb1069835c02486669312bf2f12b48a748e0a7756d0de33d",
                "sha256:6d69f36d445c45cda7b3b26afef2fc34ef5ac0cdc75584a87ef307ee3c8c6d00",
                "sha256:6f0d5f33feb5f69ddd57a4a4bd3d56c719a141080b445cbf18f238973c5c9923",
                "sha256:6f8b01295e26c68b3a1b90efb7a89029110d3a4139270b24fda961893216c440",
                "sha256:713ac174a629d39b7c6a3aa757b337599798da4c1157114a314e4e391cd28e32",
                "sha256:718626a174e7e467f0558954f94af117b7d4695d48eb980146016afa4b580b2e",
                "sha256:7187a76598bdb895af0adbd2fb7474d7f6025d170bc0a1130242da817ce9e7d1",
                "sha256:71927042ed6365a09a98a6377501af5c9f0a4d38083652bcd2281a06a5976724",
                "sha256:7d08744e9bae2ca9c382581f7dce1273fe3c9bae94ff572c3626e8da5b193c6a",
                "sha256:7dadf3c307b31e0e61689cbf9e06be7a867c563d5a63ce9dca578f956609abf8",
                "sha256:81e3d8c34c623ca4e36c46524a3530e99c0bc95ed068fd6e9b55cb721d408fb2",
                "sha256:844a9b460871ee0a0b0b68a64890dae9c415e513db0f4a7e3cab41a0f2fedf33",
                "sha256:8b7ef7cbd4fec9a1e811a5de813311ed4f7ac7d93e0fda233c9b3e1428f7dd7b",
                "sha256:97ef77eb6b044134c0b3a96e16abcb05ecce892965a2124c566af0fd60f717e2",
                "sha256:99b5eeae8e019e7aad8af8bb314fb908dd2e028b3cdaad87ec05095394cce632",
                "sha256:a25fa703a527158aaf10dafd956f7d42ac6d30ec80e9a70846253dd13e2f067b",
                "sha256:a2f635ce61a89c5732537a7896b6319a8fcfa23ba09bec36e1b1ac0ab31270d2",
                "sha256:a79004bb58748f31ae1cbe9fa891054baaa46fb106c2dc7af9f8e3304dc30316",
                "sha256:a996d01ca39b8dfe77440f3cd600825d05841088fd6bc0144cc6c2ec14cc5f74",
                "sha256:b0e20cddbd676ab8a64c774fefa0ad787cc506afd844de95da56060348021e96",
                "sha256:b6613280ccedf24354406caf785db748bebbddcf31408b20c0b48cb86af76866",
                "sha256:b9d00268fcb9f66fbcc7cd9fe423741d90c75ee029a1d15c09b22d23253c0a44",
                "sha256:bb01ba6b0d3f6c68b89fce7305080145d4877ad3acaed424bae4d4ee75faa950",
                "sha256:c2aef4703f1f2ddc6df17519885dbfa3514929149d3ff900b73f45998f2532fa",
                "sha256:c34dc4958b232ef6188c4318cb7b2c2d80521c9a56c52449f8f93ab7bc2a8a1c",
                "sha256:c3630c3ef435c0a7c549ba170a0633a56e92629aeed0e707fec832dee313fb7a",
                "sha256:c3d6a4d0619e09dcd61021debf7059955c2004fa29f48788a3dfaf9c9901a7cd",
                "sha256:d15367ce87c8e9e09b0f989bfd72dc641bcd04ba091c68cd305312d00962addd",
                "sha256:d2f9b69293c33aaa53d923032fe227feac867f81682f002ce33ffae978f0a9a9",
                "sha256:e999f2d0e12eea01caeecb17b653f3713d758f6dcc770417cf29ef08d3931421",
                "sha256:ea302f34477fda3f85560a06d9ebdc7fa41e82420e892fc50b577e35fc6a50b2",
                "sha256:eaba923151d9deea315be1f3e2b31cc39a6d1d2f682f942905951f4e40200922",
                "sha256:ef9612483cb35171d51d9173647eed5d0069eaa2ee812793a75373447d487aa4",
                "sha256:f5315a2eb0239185af1bddb1abf472d877fede3cc8d143c6cddad37678293237",
                "sha256:fa0ffcace9b3aa34d205d8130f7873fcfefcb6a4dd3dd705b0dab69af6712642",
                "sha256:fc5471e1a54de15ef71c1bc6ebe80d4dc681ea600e68bfd1cbce40427f0b7578"
            ],
            "index": "pypi",
            "version": "==3.8.1"
        },
        "aiosignal": {
            "hashes": [
                "sha256:26e62109036cd181df6e6ad646f91f0dcfd05fe16d0cb924138ff2ab75d64e3a",
                "sha256:78ed67db6c7b7ced4f98e495e572106d5c432a93e1ddd1bf475e1dc05f5b7df2"
            ],
            "markers": "python_version >= '3.6'",
            "version": "==1.2.0"
        },
        "async-timeout": {
            "hashes": [
                "sha256:2163e1640ddb52b7a8c80d0a67a08587e5d245cc9c553a74a847056bc2976b15",
                "sha256:8ca1e4fcf50d07413d66d1a5e416e42cfdf5851c981d679a09851a6853383b3c"
            ],
            "markers": "python_version >= '3.6'",
            "version": "==4.0.2"
        },
        "attrs": {
            "hashes": [
                "sha256:2d27e3784d7a565d36ab851fe94887c5eccd6a463168875832a1be79c82828b4",
                "sha256:626ba8234211db98e869df76230a137c4c40a12d72445c45d5f5b716f076e2fd"
            ],
            "markers": "python_version >= '2.7' and python_version not in '3.0, 3.1, 3.2, 3.3, 3.4'",
            "version": "==21.4.0"
        },
        "bidict": {
            "hashes": [
                "sha256:3ac67daa353ecf853a1df9d3e924f005e729227a60a8dbada31a4c31aba7f654",
                "sha256:42c84ffbe6f8de898af6073b4be9ea7ccedcd78d3474aa844c54e49d5a079f6f"
            ],
            "markers": "python_version >= '3.6'",
            "version": "==0.21.4"
        },
        "charset-normalizer": {
            "hashes": [
                "sha256:876d180e9d7432c5d1dfd4c5d26b72f099d503e8fcc0feb7532c9289be60fcbd",
                "sha256:cb957888737fc0bbcd78e3df769addb41fd1ff8cf950dc9e7ad7793f1bf44455"
            ],
            "markers": "python_full_version >= '3.5.0'",
            "version": "==2.0.10"
        },
        "frozenlist": {
            "hashes": [
                "sha256:006d3595e7d4108a12025ddf415ae0f6c9e736e726a5db0183326fd191b14c5e",
                "sha256:01a73627448b1f2145bddb6e6c2259988bb8aee0fb361776ff8604b99616cd08",
                "sha256:03a7dd1bfce30216a3f51a84e6dd0e4a573d23ca50f0346634916ff105ba6e6b",
                "sha256:0437fe763fb5d4adad1756050cbf855bbb2bf0d9385c7bb13d7a10b0dd550486",
                "sha256:04cb491c4b1c051734d41ea2552fde292f5f3a9c911363f74f39c23659c4af78",
                "sha256:0c36e78b9509e97042ef869c0e1e6ef6429e55817c12d78245eb915e1cca7468",
                "sha256:25af28b560e0c76fa41f550eacb389905633e7ac02d6eb3c09017fa1c8cdfde1",
                "sha256:2fdc3cd845e5a1f71a0c3518528bfdbfe2efaf9886d6f49eacc5ee4fd9a10953",
                "sha256:30530930410855c451bea83f7b272fb1c495ed9d5cc72895ac29e91279401db3",
                "sha256:31977f84828b5bb856ca1eb07bf7e3a34f33a5cddce981d880240ba06639b94d",
                "sha256:3c62964192a1c0c30b49f403495911298810bada64e4f03249ca35a33ca0417a",
                "sha256:3f7c935c7b58b0d78c0beea0c7358e165f95f1fd8a7e98baa40d22a05b4a8141",
                "sha256:40dff8962b8eba91fd3848d857203f0bd704b5f1fa2b3fc9af64901a190bba08",
                "sha256:40ec383bc194accba825fbb7d0ef3dda5736ceab2375462f1d8672d9f6b68d07",
                "sha256:436496321dad302b8b27ca955364a439ed1f0999311c393dccb243e451ff66aa",
                "sha256:4406cfabef8f07b3b3af0f50f70938ec06d9f0fc26cbdeaab431cbc3ca3caeaa",
                "sha256:45334234ec30fc4ea677f43171b18a27505bfb2dba9aca4398a62692c0ea8868",
                "sha256:47be22dc27ed933d55ee55845d34a3e4e9f6fee93039e7f8ebadb0c2f60d403f",
                "sha256:4a44ebbf601d7bac77976d429e9bdb5a4614f9f4027777f9e54fd765196e9d3b",
                "sha256:4eda49bea3602812518765810af732229b4291d2695ed24a0a20e098c45a707b",
                "sha256:57f4d3f03a18facacb2a6bcd21bccd011e3b75d463dc49f838fd699d074fabd1",
                "sha256:603b9091bd70fae7be28bdb8aa5c9990f4241aa33abb673390a7f7329296695f",
                "sha256:65bc6e2fece04e2145ab6e3c47428d1bbc05aede61ae365b2c1bddd94906e478",
                "sha256:691ddf6dc50480ce49f68441f1d16a4c3325887453837036e0fb94736eae1e58",
                "sha256:6983a31698490825171be44ffbafeaa930ddf590d3f051e397143a5045513b01",
                "sha256:6a202458d1298ced3768f5a7d44301e7c86defac162ace0ab7434c2e961166e8",
                "sha256:6eb275c6385dd72594758cbe96c07cdb9bd6becf84235f4a594bdf21e3596c9d",
                "sha256:754728d65f1acc61e0f4df784456106e35afb7bf39cfe37227ab00436fb38676",
                "sha256:768efd082074bb203c934e83a61654ed4931ef02412c2fbdecea0cff7ecd0274",
                "sha256:772965f773757a6026dea111a15e6e2678fbd6216180f82a48a40b27de1ee2ab",
                "sha256:871d42623ae15eb0b0e9df65baeee6976b2e161d0ba93155411d58ff27483ad8",
                "sha256:88aafd445a233dbbf8a65a62bc3249a0acd0d81ab18f6feb461cc5a938610d24",
                "sha256:8c905a5186d77111f02144fab5b849ab524f1e876a1e75205cd1386a9be4b00a",
                "sha256:8cf829bd2e2956066dd4de43fd8ec881d87842a06708c035b37ef632930505a2",
                "sha256:92e650bd09b5dda929523b9f8e7f99b24deac61240ecc1a32aeba487afcd970f",
                "sha256:93641a51f89473837333b2f8100f3f89795295b858cd4c7d4a1f18e299dc0a4f",
                "sha256:94c7a8a9fc9383b52c410a2ec952521906d355d18fccc927fca52ab575ee8b93",
                "sha256:9f892d6a94ec5c7b785e548e42722e6f3a52f5f32a8461e82ac3e67a3bd073f1",
                "sha256:acb267b09a509c1df5a4ca04140da96016f40d2ed183cdc356d237286c971b51",
                "sha256:adac9700675cf99e3615eb6a0eb5e9f5a4143c7d42c05cea2e7f71c27a3d0846",
                "sha256:aff388be97ef2677ae185e72dc500d19ecaf31b698986800d3fc4f399a5e30a5",
                "sha256:b5009062d78a8c6890d50b4e53b0ddda31841b3935c1937e2ed8c1bda1c7fb9d",
                "sha256:b684c68077b84522b5c7eafc1dc735bfa5b341fb011d5552ebe0968e22ed641c",
                "sha256:b9e3e9e365991f8cc5f5edc1fd65b58b41d0514a6a7ad95ef5c7f34eb49b3d3e",
                "sha256:bd89acd1b8bb4f31b47072615d72e7f53a948d302b7c1d1455e42622de180eae",
                "sha256:bde99812f237f79eaf3f04ebffd74f6718bbd216101b35ac7955c2d47c17da02",
                "sha256:c6c321dd013e8fc20735b92cb4892c115f5cdb82c817b1e5b07f6b95d952b2f0",
                "sha256:ce6f2ba0edb7b0c1d8976565298ad2deba6f8064d2bebb6ffce2ca896eb35b0b",
                "sha256:d2257aaba9660f78c7b1d8fea963b68f3feffb1a9d5d05a18401ca9eb3e8d0a3",
                "sha256:d26b650b71fdc88065b7a21f8ace70175bcf3b5bdba5ea22df4bfd893e795a3b",
                "sha256:d6d32ff213aef0fd0bcf803bffe15cfa2d4fde237d1d4838e62aec242a8362fa",
                "sha256:e1e26ac0a253a2907d654a37e390904426d5ae5483150ce3adedb35c8c06614a",
                "sha256:e30b2f9683812eb30cf3f0a8e9f79f8d590a7999f731cf39f9105a7c4a39489d",
                "sha256:e84cb61b0ac40a0c3e0e8b79c575161c5300d1d89e13c0e02f76193982f066ed",
                "sha256:e982878792c971cbd60ee510c4ee5bf089a8246226dea1f2138aa0bb67aff148",
                "sha256:f20baa05eaa2bcd5404c445ec51aed1c268d62600362dc6cfe04fae34a424bd9",
                "sha256:f7353ba3367473d1d616ee727945f439e027f0bb16ac1a750219a8344d1d5d3c",
                "sha256:f96293d6f982c58ebebb428c50163d010c2f05de0cde99fd681bfdc18d4b2dc2",
                "sha256:ff9310f05b9d9c5c4dd472983dc956901ee6cb2c3ec1ab116ecdde25f3ce4951"
            ],
            "markers": "python_version >= '3.7'",
            "version": "==1.3.0"
        },
        "idna": {
            "hashes": [
                "sha256:84d9dd047ffa80596e0f246e2eab0b391788b0503584e8945f2368256d2735ff",
                "sha256:9d643ff0a55b762d5cdb124b8eaa99c66322e2157b69160bc32796e824360e6d"
            ],
            "markers": "python_full_version >= '3.5.0'",
            "version": "==3.3"
        },
        "multidict": {
            "hashes": [
                "sha256:0327292e745a880459ef71be14e709aaea2f783f3537588fb4ed09b6c01bca60",
                "sha256:041b81a5f6b38244b34dc18c7b6aba91f9cdaf854d9a39e5ff0b58e2b5773b9c",
                "sha256:0556a1d4ea2d949efe5fd76a09b4a82e3a4a30700553a6725535098d8d9fb672",
                "sha256:05f6949d6169878a03e607a21e3b862eaf8e356590e8bdae4227eedadacf6e51",
                "sha256:07a017cfa00c9890011628eab2503bee5872f27144936a52eaab449be5eaf032",
                "sha256:0b9e95a740109c6047602f4db4da9949e6c5945cefbad34a1299775ddc9a62e2",
                "sha256:19adcfc2a7197cdc3987044e3f415168fc5dc1f720c932eb1ef4f71a2067e08b",
                "sha256:19d9bad105dfb34eb539c97b132057a4e709919ec4dd883ece5838bcbf262b80",
                "sha256:225383a6603c086e6cef0f2f05564acb4f4d5f019a4e3e983f572b8530f70c88",
                "sha256:23b616fdc3c74c9fe01d76ce0d1ce872d2d396d8fa8e4899398ad64fb5aa214a",
                "sha256:2957489cba47c2539a8eb7ab32ff49101439ccf78eab724c828c1a54ff3ff98d",
                "sha256:2d36e929d7f6a16d4eb11b250719c39560dd70545356365b494249e2186bc389",
                "sha256:2e4a0785b84fb59e43c18a015ffc575ba93f7d1dbd272b4cdad9f5134b8a006c",
                "sha256:3368bf2398b0e0fcbf46d85795adc4c259299fec50c1416d0f77c0a843a3eed9",
                "sha256:373ba9d1d061c76462d74e7de1c0c8e267e9791ee8cfefcf6b0b2495762c370c",
                "sha256:4070613ea2227da2bfb2c35a6041e4371b0af6b0be57f424fe2318b42a748516",
                "sha256:45183c96ddf61bf96d2684d9fbaf6f3564d86b34cb125761f9a0ef9e36c1d55b",
                "sha256:4571f1beddff25f3e925eea34268422622963cd8dc395bb8778eb28418248e43",
                "sha256:47e6a7e923e9cada7c139531feac59448f1f47727a79076c0b1ee80274cd8eee",
                "sha256:47fbeedbf94bed6547d3aa632075d804867a352d86688c04e606971595460227",
                "sha256:497988d6b6ec6ed6f87030ec03280b696ca47dbf0648045e4e1d28b80346560d",
                "sha256:4bae31803d708f6f15fd98be6a6ac0b6958fcf68fda3c77a048a4f9073704aae",
                "sha256:50bd442726e288e884f7be9071016c15a8742eb689a593a0cac49ea093eef0a7",
                "sha256:514fe2b8d750d6cdb4712346a2c5084a80220821a3e91f3f71eec11cf8d28fd4",
                "sha256:5774d9218d77befa7b70d836004a768fb9aa4fdb53c97498f4d8d3f67bb9cfa9",
                "sha256:5fdda29a3c7e76a064f2477c9aab1ba96fd94e02e386f1e665bca1807fc5386f",
                "sha256:5ff3bd75f38e4c43f1f470f2df7a4d430b821c4ce22be384e1459cb57d6bb013",
                "sha256:626fe10ac87851f4cffecee161fc6f8f9853f0f6f1035b59337a51d29ff3b4f9",
                "sha256:6701bf8a5d03a43375909ac91b6980aea74b0f5402fbe9428fc3f6edf5d9677e",
                "sha256:684133b1e1fe91eda8fa7447f137c9490a064c6b7f392aa857bba83a28cfb693",
                "sha256:6f3cdef8a247d1eafa649085812f8a310e728bdf3900ff6c434eafb2d443b23a",
                "sha256:75bdf08716edde767b09e76829db8c1e5ca9d8bb0a8d4bd94ae1eafe3dac5e15",
                "sha256:7c40b7bbece294ae3a87c1bc2abff0ff9beef41d14188cda94ada7bcea99b0fb",
                "sha256:8004dca28e15b86d1b1372515f32eb6f814bdf6f00952699bdeb541691091f96",
                "sha256:8064b7c6f0af936a741ea1efd18690bacfbae4078c0c385d7c3f611d11f0cf87",
                "sha256:89171b2c769e03a953d5969b2f272efa931426355b6c0cb508022976a17fd376",
                "sha256:8cbf0132f3de7cc6c6ce00147cc78e6439ea736cee6bca4f068bcf892b0fd658",
                "sha256:9cc57c68cb9139c7cd6fc39f211b02198e69fb90ce4bc4a094cf5fe0d20fd8b0",
                "sha256:a007b1638e148c3cfb6bf0bdc4f82776cef0ac487191d093cdc316905e504071",
                "sha256:a2c34a93e1d2aa35fbf1485e5010337c72c6791407d03aa5f4eed920343dd360",
                "sha256:a45e1135cb07086833ce969555df39149680e5471c04dfd6a915abd2fc3f6dbc",
                "sha256:ac0e27844758d7177989ce406acc6a83c16ed4524ebc363c1f748cba184d89d3",
                "sha256:aef9cc3d9c7d63d924adac329c33835e0243b5052a6dfcbf7732a921c6e918ba",
                "sha256:b9d153e7f1f9ba0b23ad1568b3b9e17301e23b042c23870f9ee0522dc5cc79e8",
                "sha256:bfba7c6d5d7c9099ba21f84662b037a0ffd4a5e6b26ac07d19e423e6fdf965a9",
                "sha256:c207fff63adcdf5a485969131dc70e4b194327666b7e8a87a97fbc4fd80a53b2",
                "sha256:d0509e469d48940147e1235d994cd849a8f8195e0bca65f8f5439c56e17872a3",
                "sha256:d16cce709ebfadc91278a1c005e3c17dd5f71f5098bfae1035149785ea6e9c68",
                "sha256:d48b8ee1d4068561ce8033d2c344cf5232cb29ee1a0206a7b828c79cbc5982b8",
                "sha256:de989b195c3d636ba000ee4281cd03bb1234635b124bf4cd89eeee9ca8fcb09d",
                "sha256:e07c8e79d6e6fd37b42f3250dba122053fddb319e84b55dd3a8d6446e1a7ee49",
                "sha256:e2c2e459f7050aeb7c1b1276763364884595d47000c1cddb51764c0d8976e608",
                "sha256:e5b20e9599ba74391ca0cfbd7b328fcc20976823ba19bc573983a25b32e92b57",
                "sha256:e875b6086e325bab7e680e4316d667fc0e5e174bb5611eb16b3ea121c8951b86",
                "sha256:f4f052ee022928d34fe1f4d2bc743f32609fb79ed9c49a1710a5ad6b2198db20",
                "sha256:fcb91630817aa8b9bc4a74023e4198480587269c272c58b3279875ed7235c293",
                "sha256:fd9fc9c4849a07f3635ccffa895d57abce554b467d611a5009ba4f39b78a8849",
                "sha256:feba80698173761cddd814fa22e88b0661e98cb810f9f986c54aa34d281e4937",
                "sha256:feea820722e69451743a3d56ad74948b68bf456984d63c1a92e8347b7b88452d"
            ],
            "markers": "python_version >= '3.7'",
            "version": "==6.0.2"
        },
        "mutagen": {
            "hashes": [
                "sha256:6397602efb3c2d7baebd2166ed85731ae1c1d475abca22090b7141ff5034b3e1",
                "sha256:9c9f243fcec7f410f138cb12c21c84c64fde4195481a30c9bfb05b5f003adfed"
            ],
            "markers": "python_version < '4' and python_full_version >= '3.5.0'",
            "version": "==1.45.1"
        },
        "pycryptodomex": {
            "hashes": [
                "sha256:00e37d478c0f040639ab41a9d5280291ad2b3b5f25b9aad5baa1d5ecb578a3f6",
                "sha256:04a38a7dc484f5e3152a69e4eab89d9340c2ad3b7c4a27d2ee256e5fb878c469",
                "sha256:05e0e3b78b7ccc0b7c5f88596d51fdc8533adb91070b93e18cec12ca3b43deb3",
                "sha256:0ec86fca2114e8c58fe6bfc7e04ee91568a813139dcf4334819aa44876764bcf",
                "sha256:182962b3612c0d12748fa770f1ef0556ba8ba2c442834450e08acb31d9e6d2ed",
                "sha256:2f2bcee2ef59597bfcb755eef2c98294094c1c9b64e9b9195cc9e71be83adb92",
                "sha256:2f7db8d85294c1123e700097af407425fd4c9e6c58b688f391de7053c6a60317",
                "sha256:3b7656189c259bb2b838559f0a11b533d4d18409ab6d9119c00bae436c3d3e34",
                "sha256:5a2014598ceb19c34f14815a26536e5cc24167ea4d402f0aec2a52b18960c668",
                "sha256:63443230247837dd03c5d4028cae5cb2e6793a9ae110e321798bee48a04ff3e9",
                "sha256:68fb861b41a889c2efdf2795b0d46aa05d4748543bc4e0bca5886c929c7cbdef",
                "sha256:6b3c06e6d235f475395a7e150f2e562a3e9d749fb40c6d81240596f73809346c",
                "sha256:6d50723984ba802904618ef5bfe257a0f9644e76821d323f79f27be5adb9ece7",
                "sha256:7fb188c9a0f69d4f7b607780641ef7aec7f02a8dad689512b17bdf04c96ce6e3",
                "sha256:7fb9d1ab6a10cfc8c8c7e11f004e01c8a1beff5fd4118370d95110735cc23117",
                "sha256:80eedc23c4c4d3655c6a7d315a01f0e9d460c7070c5c3af4952937b4f2c0da6f",
                "sha256:9fa76261100b450e5aca2990ba982e5294ba383f653da041a71b4ac1cbaed1ff",
                "sha256:b11331510cfd08ec4416f37dc8f072541d7b7240ba924c71288f7218aad36bdf",
                "sha256:b4240991748ae0f57a0120b8d905b2d9f835fee02968fc11faec929ef6915ee6",
                "sha256:b7b059517d84c57f25c6fd3b2e03a1b2945df2e585b96109bcd11e56f6c9e610",
                "sha256:b975ce778ea2c65f399ab889a661e118bb68b85db47d93e0442eb1ba1f554794",
                "sha256:c87f62de9e167031ad4179efb1fda4012bb6f7363472a61254e4426bda6bcb64",
                "sha256:ccd301d2e71d243b0fad8c4642116c538d7d405d35b6026cf4dcee463a667a2e",
                "sha256:dce2bfd0f285c3fcff89e4239c55f5fbe664ff435ee45abfc154aac0f222ab14",
                "sha256:dfb8bcd45e504e1c26f0bfc404f3edd08f8c8057dfe04fbf6159adc8694ff97a",
                "sha256:e1900d7f16a03b869be3572e7664757c14316329a4d79ecee5a0083fad8c81b0",
                "sha256:e2ddfbcb2c4c7cb8f79db49e284280be468699c701b92d30fd1e46a786b39f5b",
                "sha256:eb4eea028a7ad28458abf8b98ae14af2fd9baeb327a0adb6af05a488e4d9e9a1",
                "sha256:f3a29bb51e5f9b46004b5be16bcbe4e1b2d2754cbe201e1a0b142c307bdf4c73",
                "sha256:f553abcb3572242fed87e308a6b91a9bc5a74b801b5d093969391b0500be718b"
            ],
            "markers": "python_version >= '2.7' and python_version not in '3.0, 3.1, 3.2, 3.3, 3.4'",
            "version": "==3.13.0"
        },
        "python-engineio": {
            "hashes": [
                "sha256:6e1d26977ffefe3b7da1b5df7a8750aedc7686da8201cd90daf36693db122489",
                "sha256:85986067cb9f7695347954d4e03491f7d45152c5428c07109a9707e04e8942cb"
            ],
            "markers": "python_version >= '3.6'",
            "version": "==4.3.1"
        },
        "python-socketio": {
            "hashes": [
                "sha256:ac8e64d59a15d1c31a4fe8434f4ff16d0f640c824ba517dce7ca99e95f0cd36a",
                "sha256:d0b98474064ac239a618649ca67f5288827705d36bd5f7615a473b37965baf61"
            ],
            "index": "pypi",
            "version": "==5.5.1"
        },
        "websockets": {
            "hashes": [
                "sha256:002071169d2e44ce8eb9e5ebac9fbce142ba4b5146eef1cfb16b177a27662657",
                "sha256:05e7f098c76b0a4743716590bb8f9706de19f1ef5148d61d0cf76495ec3edb9c",
                "sha256:08a42856158307e231b199671c4fce52df5786dd3d703f36b5d8ac76b206c485",
                "sha256:0d93b7cadc761347d98da12ec1930b5c71b2096f1ceed213973e3cda23fead9c",
                "sha256:10edd9d7d3581cfb9ff544ac09fc98cab7ee8f26778a5a8b2d5fd4b0684c5ba5",
                "sha256:14e9cf68a08d1a5d42109549201aefba473b1d925d233ae19035c876dd845da9",
                "sha256:181d2b25de5a437b36aefedaf006ecb6fa3aa1328ec0236cdde15f32f9d3ff6d",
                "sha256:189ed478395967d6a98bb293abf04e8815349e17456a0a15511f1088b6cb26e4",
                "sha256:1d858fb31e5ac992a2cdf17e874c95f8a5b1e917e1fb6b45ad85da30734b223f",
                "sha256:1dafe98698ece09b8ccba81b910643ff37198e43521d977be76caf37709cf62b",
                "sha256:3477146d1f87ead8df0f27e8960249f5248dceb7c2741e8bbec9aa5338d0c053",
                "sha256:38db6e2163b021642d0a43200ee2dec8f4980bdbda96db54fde72b283b54cbfc",
                "sha256:3a02ab91d84d9056a9ee833c254895421a6333d7ae7fff94b5c68e4fa8095519",
                "sha256:3bbf080f3892ba1dc8838786ec02899516a9d227abe14a80ef6fd17d4fb57127",
                "sha256:3ef6f73854cded34e78390dbdf40dfdcf0b89b55c0e282468ef92646fce8d13a",
                "sha256:468f0031fdbf4d643f89403a66383247eb82803430b14fa27ce2d44d2662ca37",
                "sha256:483edee5abed738a0b6a908025be47f33634c2ad8e737edd03ffa895bd600909",
                "sha256:531d8eb013a9bc6b3ad101588182aa9b6dd994b190c56df07f0d84a02b85d530",
                "sha256:5560558b0dace8312c46aa8915da977db02738ac8ecffbc61acfbfe103e10155",
                "sha256:5bb6256de5a4fb1d42b3747b4e2268706c92965d75d0425be97186615bf2f24f",
                "sha256:667c41351a6d8a34b53857ceb8343a45c85d438ee4fd835c279591db8aeb85be",
                "sha256:6b014875fae19577a392372075e937ebfebf53fd57f613df07b35ab210f31534",
                "sha256:6fdec1a0b3e5630c58e3d8704d2011c678929fce90b40908c97dfc47de8dca72",
                "sha256:7bdd3d26315db0a9cf8a0af30ca95e0aa342eda9c1377b722e71ccd86bc5d1dd",
                "sha256:7c9407719f42cb77049975410490c58a705da6af541adb64716573e550e5c9db",
                "sha256:7d6673b2753f9c5377868a53445d0c321ef41ff3c8e3b6d57868e72054bfce5f",
                "sha256:816ae7dac2c6522cfa620947ead0ca95ac654916eebf515c94d7c28de5601a6e",
                "sha256:882c0b8bdff3bf1bd7f024ce17c6b8006042ec4cceba95cf15df57e57efa471c",
                "sha256:8877861e3dee38c8d302eee0d5dbefa6663de3b46dc6a888f70cd7e82562d1f7",
                "sha256:888a5fa2a677e0c2b944f9826c756475980f1b276b6302e606f5c4ff5635be9e",
                "sha256:89e985d40d407545d5f5e2e58e1fdf19a22bd2d8cd54d20a882e29f97e930a0a",
                "sha256:97b4b68a2ddaf5c4707ae79c110bfd874c5be3c6ac49261160fb243fa45d8bbb",
                "sha256:98de71f86bdb29430fd7ba9997f47a6b10866800e3ea577598a786a785701bb0",
                "sha256:9f304a22ece735a3da8a51309bc2c010e23961a8f675fae46fdf62541ed62123",
                "sha256:9fd62c6dc83d5d35fb6a84ff82ec69df8f4657fff05f9cd6c7d9bec0dd57f0f6",
                "sha256:a249139abc62ef333e9e85064c27fefb113b16ffc5686cefc315bdaef3eefbc8",
                "sha256:b66e6d514f12c28d7a2d80bb2a48ef223342e99c449782d9831b0d29a9e88a17",
                "sha256:b68b6caecb9a0c6db537aa79750d1b592a841e4f1a380c6196091e65b2ad35f9",
                "sha256:baa83174390c0ff4fc1304fbe24393843ac7a08fdd59295759c4b439e06b1536",
                "sha256:bb01ea7b5f52e7125bdc3c5807aeaa2d08a0553979cf2d96a8b7803ea33e15e7",
                "sha256:cfae282c2aa7f0c4be45df65c248481f3509f8c40ca8b15ed96c35668ae0ff69",
                "sha256:d0d81b46a5c87d443e40ce2272436da8e6092aa91f5fbeb60d1be9f11eff5b4c",
                "sha256:d9b245db5a7e64c95816e27d72830e51411c4609c05673d1ae81eb5d23b0be54",
                "sha256:ddab2dc69ee5ae27c74dbfe9d7bb6fee260826c136dca257faa1a41d1db61a89",
                "sha256:e1b60fd297adb9fc78375778a5220da7f07bf54d2a33ac781319650413fc6a60",
                "sha256:e259be0863770cb91b1a6ccf6907f1ac2f07eff0b7f01c249ed751865a70cb0d",
                "sha256:e3872ae57acd4306ecf937d36177854e218e999af410a05c17168cd99676c512",
                "sha256:e4819c6fb4f336fd5388372cb556b1f3a165f3f68e66913d1a2fc1de55dc6f58"
            ],
            "markers": "python_version >= '3.7'",
            "version": "==10.1"
        },
        "yarl": {
            "hashes": [
                "sha256:044daf3012e43d4b3538562da94a88fb12a6490652dbc29fb19adfa02cf72eac",
                "sha256:0cba38120db72123db7c58322fa69e3c0efa933040ffb586c3a87c063ec7cae8",
                "sha256:167ab7f64e409e9bdd99333fe8c67b5574a1f0495dcfd905bc7454e766729b9e",
                "sha256:1be4bbb3d27a4e9aa5f3df2ab61e3701ce8fcbd3e9846dbce7c033a7e8136746",
                "sha256:1ca56f002eaf7998b5fcf73b2421790da9d2586331805f38acd9997743114e98",
                "sha256:1d3d5ad8ea96bd6d643d80c7b8d5977b4e2fb1bab6c9da7322616fd26203d125",
                "sha256:1eb6480ef366d75b54c68164094a6a560c247370a68c02dddb11f20c4c6d3c9d",
                "sha256:1edc172dcca3f11b38a9d5c7505c83c1913c0addc99cd28e993efeaafdfaa18d",
                "sha256:211fcd65c58bf250fb994b53bc45a442ddc9f441f6fec53e65de8cba48ded986",
                "sha256:29e0656d5497733dcddc21797da5a2ab990c0cb9719f1f969e58a4abac66234d",
                "sha256:368bcf400247318382cc150aaa632582d0780b28ee6053cd80268c7e72796dec",
                "sha256:39d5493c5ecd75c8093fa7700a2fb5c94fe28c839c8e40144b7ab7ccba6938c8",
                "sha256:3abddf0b8e41445426d29f955b24aeecc83fa1072be1be4e0d194134a7d9baee",
                "sha256:3bf8cfe8856708ede6a73907bf0501f2dc4e104085e070a41f5d88e7faf237f3",
                "sha256:3ec1d9a0d7780416e657f1e405ba35ec1ba453a4f1511eb8b9fbab81cb8b3ce1",
                "sha256:45399b46d60c253327a460e99856752009fcee5f5d3c80b2f7c0cae1c38d56dd",
                "sha256:52690eb521d690ab041c3919666bea13ab9fbff80d615ec16fa81a297131276b",
                "sha256:534b047277a9a19d858cde163aba93f3e1677d5acd92f7d10ace419d478540de",
                "sha256:580c1f15500e137a8c37053e4cbf6058944d4c114701fa59944607505c2fe3a0",
                "sha256:59218fef177296451b23214c91ea3aba7858b4ae3306dde120224cfe0f7a6ee8",
                "sha256:5ba63585a89c9885f18331a55d25fe81dc2d82b71311ff8bd378fc8004202ff6",
                "sha256:5bb7d54b8f61ba6eee541fba4b83d22b8a046b4ef4d8eb7f15a7e35db2e1e245",
                "sha256:6152224d0a1eb254f97df3997d79dadd8bb2c1a02ef283dbb34b97d4f8492d23",
                "sha256:67e94028817defe5e705079b10a8438b8cb56e7115fa01640e9c0bb3edf67332",
                "sha256:695ba021a9e04418507fa930d5f0704edbce47076bdcfeeaba1c83683e5649d1",
                "sha256:6a1a9fe17621af43e9b9fcea8bd088ba682c8192d744b386ee3c47b56eaabb2c",
                "sha256:6ab0c3274d0a846840bf6c27d2c60ba771a12e4d7586bf550eefc2df0b56b3b4",
                "sha256:6feca8b6bfb9eef6ee057628e71e1734caf520a907b6ec0d62839e8293e945c0",
                "sha256:737e401cd0c493f7e3dd4db72aca11cfe069531c9761b8ea474926936b3c57c8",
                "sha256:788713c2896f426a4e166b11f4ec538b5736294ebf7d5f654ae445fd44270832",
                "sha256:797c2c412b04403d2da075fb93c123df35239cd7b4cc4e0cd9e5839b73f52c58",
                "sha256:8300401dc88cad23f5b4e4c1226f44a5aa696436a4026e456fe0e5d2f7f486e6",
                "sha256:87f6e082bce21464857ba58b569370e7b547d239ca22248be68ea5d6b51464a1",
                "sha256:89ccbf58e6a0ab89d487c92a490cb5660d06c3a47ca08872859672f9c511fc52",
                "sha256:8b0915ee85150963a9504c10de4e4729ae700af11df0dc5550e6587ed7891e92",
                "sha256:8cce6f9fa3df25f55521fbb5c7e4a736683148bcc0c75b21863789e5185f9185",
                "sha256:95a1873b6c0dd1c437fb3bb4a4aaa699a48c218ac7ca1e74b0bee0ab16c7d60d",
                "sha256:9b4c77d92d56a4c5027572752aa35082e40c561eec776048330d2907aead891d",
                "sha256:9bfcd43c65fbb339dc7086b5315750efa42a34eefad0256ba114cd8ad3896f4b",
                "sha256:9c1f083e7e71b2dd01f7cd7434a5f88c15213194df38bc29b388ccdf1492b739",
                "sha256:a1d0894f238763717bdcfea74558c94e3bc34aeacd3351d769460c1a586a8b05",
                "sha256:a467a431a0817a292121c13cbe637348b546e6ef47ca14a790aa2fa8cc93df63",
                "sha256:aa32aaa97d8b2ed4e54dc65d241a0da1c627454950f7d7b1f95b13985afd6c5d",
                "sha256:ac10bbac36cd89eac19f4e51c032ba6b412b3892b685076f4acd2de18ca990aa",
                "sha256:ac35ccde589ab6a1870a484ed136d49a26bcd06b6a1c6397b1967ca13ceb3913",
                "sha256:bab827163113177aee910adb1f48ff7af31ee0289f434f7e22d10baf624a6dfe",
                "sha256:baf81561f2972fb895e7844882898bda1eef4b07b5b385bcd308d2098f1a767b",
                "sha256:bf19725fec28452474d9887a128e98dd67eee7b7d52e932e6949c532d820dc3b",
                "sha256:c01a89a44bb672c38f42b49cdb0ad667b116d731b3f4c896f72302ff77d71656",
                "sha256:c0910c6b6c31359d2f6184828888c983d54d09d581a4a23547a35f1d0b9484b1",
                "sha256:c10ea1e80a697cf7d80d1ed414b5cb8f1eec07d618f54637067ae3c0334133c4",
                "sha256:c1164a2eac148d85bbdd23e07dfcc930f2e633220f3eb3c3e2a25f6148c2819e",
                "sha256:c145ab54702334c42237a6c6c4cc08703b6aa9b94e2f227ceb3d477d20c36c63",
                "sha256:c17965ff3706beedafd458c452bf15bac693ecd146a60a06a214614dc097a271",
                "sha256:c19324a1c5399b602f3b6e7db9478e5b1adf5cf58901996fc973fe4fccd73eed",
                "sha256:c2a1ac41a6aa980db03d098a5531f13985edcb451bcd9d00670b03129922cd0d",
                "sha256:c6ddcd80d79c96eb19c354d9dca95291589c5954099836b7c8d29278a7ec0bda",
                "sha256:c9c6d927e098c2d360695f2e9d38870b2e92e0919be07dbe339aefa32a090265",
                "sha256:cc8b7a7254c0fc3187d43d6cb54b5032d2365efd1df0cd1749c0c4df5f0ad45f",
                "sha256:cff3ba513db55cc6a35076f32c4cdc27032bd075c9faef31fec749e64b45d26c",
                "sha256:d260d4dc495c05d6600264a197d9d6f7fc9347f21d2594926202fd08cf89a8ba",
                "sha256:d6f3d62e16c10e88d2168ba2d065aa374e3c538998ed04996cd373ff2036d64c",
                "sha256:da6df107b9ccfe52d3a48165e48d72db0eca3e3029b5b8cb4fe6ee3cb870ba8b",
                "sha256:dfe4b95b7e00c6635a72e2d00b478e8a28bfb122dc76349a06e20792eb53a523",
                "sha256:e39378894ee6ae9f555ae2de332d513a5763276a9265f8e7cbaeb1b1ee74623a",
                "sha256:ede3b46cdb719c794427dcce9d8beb4abe8b9aa1e97526cc20de9bd6583ad1ef",
                "sha256:f2a8508f7350512434e41065684076f640ecce176d262a7d54f0da41d99c5a95",
                "sha256:f44477ae29025d8ea87ec308539f95963ffdc31a82f42ca9deecf2d505242e72",
                "sha256:f64394bd7ceef1237cc604b5a89bf748c95982a84bcd3c4bbeb40f685c810794",
                "sha256:fc4dd8b01a8112809e6b636b00f487846956402834a7fd59d46d4f4267181c41",
                "sha256:fce78593346c014d0d986b7ebc80d782b7f5e19843ca798ed62f8e3ba8728576",
                "sha256:fd547ec596d90c8676e369dd8a581a21227fe9b4ad37d0dc7feb4ccf544c2d59"
            ],
            "markers": "python_version >= '3.6'",
            "version": "==1.7.2"
        },
        "yt-dlp": {
            "hashes": [
                "sha256:182903b78a4645edd504dcd9f2603f76f9fdaf8bd279fd45d01992f7637b6d8a",
                "sha256:220ec407389b5ea72e25dfc11c30e543489b90075c55311d5255e2045db8a9e2"
            ],
            "index": "pypi",
            "version": "==2022.1.21"
        }
    },
    "develop": {
        "astroid": {
            "hashes": [
                "sha256:1efdf4e867d4d8ba4a9f6cf9ce07cd182c4c41de77f23814feb27ca93ca9d877",
                "sha256:506daabe5edffb7e696ad82483ad0228245a9742ed7d2d8c9cdb31537decf9f6"
            ],
            "markers": "python_full_version >= '3.6.2'",
            "version": "==2.9.3"
        },
        "isort": {
            "hashes": [
                "sha256:6f62d78e2f89b4500b080fe3a81690850cd254227f27f75c3a0c491a1f351ba7",
                "sha256:e8443a5e7a020e9d7f97f1d7d9cd17c88bcb3bc7e218bf9cf5095fe550be2951"
            ],
            "markers": "python_version < '4.0' and python_full_version >= '3.6.1'",
            "version": "==5.10.1"
        },
        "lazy-object-proxy": {
            "hashes": [
                "sha256:043651b6cb706eee4f91854da4a089816a6606c1428fd391573ef8cb642ae4f7",
                "sha256:07fa44286cda977bd4803b656ffc1c9b7e3bc7dff7d34263446aec8f8c96f88a",
                "sha256:12f3bb77efe1367b2515f8cb4790a11cffae889148ad33adad07b9b55e0ab22c",
                "sha256:2052837718516a94940867e16b1bb10edb069ab475c3ad84fd1e1a6dd2c0fcfc",
                "sha256:2130db8ed69a48a3440103d4a520b89d8a9405f1b06e2cc81640509e8bf6548f",
                "sha256:39b0e26725c5023757fc1ab2a89ef9d7ab23b84f9251e28f9cc114d5b59c1b09",
                "sha256:46ff647e76f106bb444b4533bb4153c7370cdf52efc62ccfc1a28bdb3cc95442",
                "sha256:4dca6244e4121c74cc20542c2ca39e5c4a5027c81d112bfb893cf0790f96f57e",
                "sha256:553b0f0d8dbf21890dd66edd771f9b1b5f51bd912fa5f26de4449bfc5af5e029",
                "sha256:677ea950bef409b47e51e733283544ac3d660b709cfce7b187f5ace137960d61",
                "sha256:6a24357267aa976abab660b1d47a34aaf07259a0c3859a34e536f1ee6e76b5bb",
                "sha256:6a6e94c7b02641d1311228a102607ecd576f70734dc3d5e22610111aeacba8a0",
                "sha256:6aff3fe5de0831867092e017cf67e2750c6a1c7d88d84d2481bd84a2e019ec35",
                "sha256:6ecbb350991d6434e1388bee761ece3260e5228952b1f0c46ffc800eb313ff42",
                "sha256:7096a5e0c1115ec82641afbdd70451a144558ea5cf564a896294e346eb611be1",
                "sha256:70ed0c2b380eb6248abdef3cd425fc52f0abd92d2b07ce26359fcbc399f636ad",
                "sha256:8561da8b3dd22d696244d6d0d5330618c993a215070f473b699e00cf1f3f6443",
                "sha256:85b232e791f2229a4f55840ed54706110c80c0a210d076eee093f2b2e33e1bfd",
                "sha256:898322f8d078f2654d275124a8dd19b079080ae977033b713f677afcfc88e2b9",
                "sha256:8f3953eb575b45480db6568306893f0bd9d8dfeeebd46812aa09ca9579595148",
                "sha256:91ba172fc5b03978764d1df5144b4ba4ab13290d7bab7a50f12d8117f8630c38",
                "sha256:9d166602b525bf54ac994cf833c385bfcc341b364e3ee71e3bf5a1336e677b55",
                "sha256:a57d51ed2997e97f3b8e3500c984db50a554bb5db56c50b5dab1b41339b37e36",
                "sha256:b9e89b87c707dd769c4ea91f7a31538888aad05c116a59820f28d59b3ebfe25a",
                "sha256:bb8c5fd1684d60a9902c60ebe276da1f2281a318ca16c1d0a96db28f62e9166b",
                "sha256:c19814163728941bb871240d45c4c30d33b8a2e85972c44d4e63dd7107faba44",
                "sha256:c4ce15276a1a14549d7e81c243b887293904ad2d94ad767f42df91e75fd7b5b6",
                "sha256:c7a683c37a8a24f6428c28c561c80d5f4fd316ddcf0c7cab999b15ab3f5c5c69",
                "sha256:d609c75b986def706743cdebe5e47553f4a5a1da9c5ff66d76013ef396b5a8a4",
                "sha256:d66906d5785da8e0be7360912e99c9188b70f52c422f9fc18223347235691a84",
                "sha256:dd7ed7429dbb6c494aa9bc4e09d94b778a3579be699f9d67da7e6804c422d3de",
                "sha256:df2631f9d67259dc9620d831384ed7732a198eb434eadf69aea95ad18c587a28",
                "sha256:e368b7f7eac182a59ff1f81d5f3802161932a41dc1b1cc45c1f757dc876b5d2c",
                "sha256:e40f2013d96d30217a51eeb1db28c9ac41e9d0ee915ef9d00da639c5b63f01a1",
                "sha256:f769457a639403073968d118bc70110e7dce294688009f5c24ab78800ae56dc8",
                "sha256:fccdf7c2c5821a8cbd0a9440a456f5050492f2270bd54e94360cac663398739b",
                "sha256:fd45683c3caddf83abbb1249b653a266e7069a09f486daa8863fb0e7496a9fdb"
            ],
            "markers": "python_version >= '3.6'",
            "version": "==1.7.1"
        },
        "mccabe": {
            "hashes": [
                "sha256:ab8a6258860da4b6677da4bd2fe5dc2c659cff31b3ee4f7f5d64e79735b80d42",
                "sha256:dd8d182285a0fe56bace7f45b5e7d1a6ebcbf524e8f3bd87eb0f125271b8831f"
            ],
            "version": "==0.6.1"
        },
        "platformdirs": {
            "hashes": [
                "sha256:1d7385c7db91728b83efd0ca99a5afb296cab9d0ed8313a45ed8ba17967ecfca",
                "sha256:440633ddfebcc36264232365d7840a970e75e1018d15b4327d11f91909045fda"
            ],
            "markers": "python_version >= '3.7'",
            "version": "==2.4.1"
        },
        "pylint": {
            "hashes": [
                "sha256:9d945a73640e1fec07ee34b42f5669b770c759acd536ec7b16d7e4b87a9c9ff9",
                "sha256:daabda3f7ed9d1c60f52d563b1b854632fd90035bcf01443e234d3dc794e3b74"
            ],
            "index": "pypi",
            "version": "==2.12.2"
        },
        "toml": {
            "hashes": [
                "sha256:806143ae5bfb6a3c6e736a764057db0e6a0e05e338b5630894a5f779cabb4f9b",
                "sha256:b3bda1d108d5dd99f4a20d24d9c348e91c4db7ab1b749200bded2f839ccbe68f"
            ],
            "markers": "python_version >= '2.6' and python_version not in '3.0, 3.1, 3.2, 3.3'",
            "version": "==0.10.2"
        },
        "typing-extensions": {
            "hashes": [
                "sha256:4ca091dea149f945ec56afb48dae714f21e8692ef22a395223bcd328961b6a0e",
                "sha256:7f001e5ac290a0c0401508864c7ec868be4e701886d5b573a9528ed3973d9d3b"
            ],
            "markers": "python_version < '3.10'",
            "version": "==4.0.1"
        },
        "wrapt": {
            "hashes": [
                "sha256:086218a72ec7d986a3eddb7707c8c4526d677c7b35e355875a0fe2918b059179",
                "sha256:0877fe981fd76b183711d767500e6b3111378ed2043c145e21816ee589d91096",
                "sha256:0a017a667d1f7411816e4bf214646d0ad5b1da2c1ea13dec6c162736ff25a374",
                "sha256:0cb23d36ed03bf46b894cfec777eec754146d68429c30431c99ef28482b5c1df",
                "sha256:1fea9cd438686e6682271d36f3481a9f3636195578bab9ca3382e2f5f01fc185",
                "sha256:220a869982ea9023e163ba915077816ca439489de6d2c09089b219f4e11b6785",
                "sha256:25b1b1d5df495d82be1c9d2fad408f7ce5ca8a38085e2da41bb63c914baadff7",
                "sha256:2dded5496e8f1592ec27079b28b6ad2a1ef0b9296d270f77b8e4a3a796cf6909",
                "sha256:2ebdde19cd3c8cdf8df3fc165bc7827334bc4e353465048b36f7deeae8ee0918",
                "sha256:43e69ffe47e3609a6aec0fe723001c60c65305784d964f5007d5b4fb1bc6bf33",
                "sha256:46f7f3af321a573fc0c3586612db4decb7eb37172af1bc6173d81f5b66c2e068",
                "sha256:47f0a183743e7f71f29e4e21574ad3fa95676136f45b91afcf83f6a050914829",
                "sha256:498e6217523111d07cd67e87a791f5e9ee769f9241fcf8a379696e25806965af",
                "sha256:4b9c458732450ec42578b5642ac53e312092acf8c0bfce140ada5ca1ac556f79",
                "sha256:51799ca950cfee9396a87f4a1240622ac38973b6df5ef7a41e7f0b98797099ce",
                "sha256:5601f44a0f38fed36cc07db004f0eedeaadbdcec90e4e90509480e7e6060a5bc",
                "sha256:5f223101f21cfd41deec8ce3889dc59f88a59b409db028c469c9b20cfeefbe36",
                "sha256:610f5f83dd1e0ad40254c306f4764fcdc846641f120c3cf424ff57a19d5f7ade",
                "sha256:6a03d9917aee887690aa3f1747ce634e610f6db6f6b332b35c2dd89412912bca",
                "sha256:705e2af1f7be4707e49ced9153f8d72131090e52be9278b5dbb1498c749a1e32",
                "sha256:766b32c762e07e26f50d8a3468e3b4228b3736c805018e4b0ec8cc01ecd88125",
                "sha256:77416e6b17926d953b5c666a3cb718d5945df63ecf922af0ee576206d7033b5e",
                "sha256:778fd096ee96890c10ce96187c76b3e99b2da44e08c9e24d5652f356873f6709",
                "sha256:78dea98c81915bbf510eb6a3c9c24915e4660302937b9ae05a0947164248020f",
                "sha256:7dd215e4e8514004c8d810a73e342c536547038fb130205ec4bba9f5de35d45b",
                "sha256:7dde79d007cd6dfa65afe404766057c2409316135cb892be4b1c768e3f3a11cb",
                "sha256:81bd7c90d28a4b2e1df135bfbd7c23aee3050078ca6441bead44c42483f9ebfb",
                "sha256:85148f4225287b6a0665eef08a178c15097366d46b210574a658c1ff5b377489",
                "sha256:865c0b50003616f05858b22174c40ffc27a38e67359fa1495605f96125f76640",
                "sha256:87883690cae293541e08ba2da22cacaae0a092e0ed56bbba8d018cc486fbafbb",
                "sha256:8aab36778fa9bba1a8f06a4919556f9f8c7b33102bd71b3ab307bb3fecb21851",
                "sha256:8c73c1a2ec7c98d7eaded149f6d225a692caa1bd7b2401a14125446e9e90410d",
                "sha256:936503cb0a6ed28dbfa87e8fcd0a56458822144e9d11a49ccee6d9a8adb2ac44",
                "sha256:944b180f61f5e36c0634d3202ba8509b986b5fbaf57db3e94df11abee244ba13",
                "sha256:96b81ae75591a795d8c90edc0bfaab44d3d41ffc1aae4d994c5aa21d9b8e19a2",
                "sha256:981da26722bebb9247a0601e2922cedf8bb7a600e89c852d063313102de6f2cb",
                "sha256:ae9de71eb60940e58207f8e71fe113c639da42adb02fb2bcbcaccc1ccecd092b",
                "sha256:b73d4b78807bd299b38e4598b8e7bd34ed55d480160d2e7fdaabd9931afa65f9",
                "sha256:d4a5f6146cfa5c7ba0134249665acd322a70d1ea61732723c7d3e8cc0fa80755",
                "sha256:dd91006848eb55af2159375134d724032a2d1d13bcc6f81cd8d3ed9f2b8e846c",
                "sha256:e05e60ff3b2b0342153be4d1b597bbcfd8330890056b9619f4ad6b8d5c96a81a",
                "sha256:e6906d6f48437dfd80464f7d7af1740eadc572b9f7a4301e7dd3d65db285cacf",
                "sha256:e92d0d4fa68ea0c02d39f1e2f9cb5bc4b4a71e8c442207433d8db47ee79d7aa3",
                "sha256:e94b7d9deaa4cc7bac9198a58a7240aaf87fe56c6277ee25fa5b3aa1edebd229",
                "sha256:ea3e746e29d4000cd98d572f3ee2a6050a4f784bb536f4ac1f035987fc1ed83e",
                "sha256:ec7e20258ecc5174029a0f391e1b948bf2906cd64c198a9b8b281b811cbc04de",
                "sha256:ec9465dd69d5657b5d2fa6133b3e1e989ae27d29471a672416fd729b429eb554",
                "sha256:f122ccd12fdc69628786d0c947bdd9cb2733be8f800d88b5a37c57f1f1d73c10",
                "sha256:f99c0489258086308aad4ae57da9e8ecf9e1f3f30fa35d5e170b4d4896554d80",
                "sha256:f9c51d9af9abb899bd34ace878fbec8bf357b3194a10c4e8e0a25512826ef056",
                "sha256:fd76c47f20984b43d93de9a82011bb6e5f8325df6c9ed4d8310029a55fa361ea"
            ],
            "markers": "python_version >= '2.7' and python_version not in '3.0, 3.1, 3.2, 3.3, 3.4'",
            "version": "==1.13.3"
        }
    }
}
