{
    "_meta": {
        "hash": {
            "sha256": "d9aed6acd11513366a51efc8846b297ef9e80c5dabd77246be9a2a8e72b04c64"
        },
        "pipfile-spec": 6,
        "requires": {
            "python_version": "3.11"
        },
        "sources": [
            {
                "name": "pypi",
                "url": "https://pypi.org/simple",
                "verify_ssl": true
            }
        ]
    },
    "default": {
        "aiohappyeyeballs": {
            "hashes": [
                "sha256:75cf88a15106a5002a8eb1dab212525c00d1f4c0fa96e551c9fbe6f09a621586",
                "sha256:8a7a83727b2756f394ab2895ea0765a0a8c475e3c71e98d43d76f22b4b435572"
            ],
            "markers": "python_version >= '3.8'",
            "version": "==2.4.3"
        },
        "aiohttp": {
            "hashes": [
                "sha256:10c7932337285a6bfa3a5fe1fd4da90b66ebfd9d0cbd1544402e1202eb9a8c3e",
                "sha256:177126e971782769b34933e94fddd1089cef0fe6b82fee8a885e539f5b0f0c6a",
                "sha256:1ce46dfb49cfbf9e92818be4b761d4042230b1f0e05ffec0aad15b3eb162b905",
                "sha256:1e7a6af57091056a79a35104d6ec29d98ec7f1fb7270ad9c6fff871b678d1ff8",
                "sha256:21a72f4a9c69a8567a0aca12042f12bba25d3139fd5dd8eeb9931f4d9e8599cd",
                "sha256:21c1925541ca84f7b5e0df361c0a813a7d6a56d3b0030ebd4b220b8d232015f9",
                "sha256:21f8225f7dc187018e8433c9326be01477fb2810721e048b33ac49091b19fb4a",
                "sha256:22cdeb684d8552490dd2697a5138c4ecb46f844892df437aaf94f7eea99af879",
                "sha256:270e653b5a4b557476a1ed40e6b6ce82f331aab669620d7c95c658ef976c9c5e",
                "sha256:2df786c96c57cd6b87156ba4c5f166af7b88f3fc05f9d592252fdc83d8615a3c",
                "sha256:32710d6b3b6c09c60c794d84ca887a3a2890131c0b02b3cefdcc6709a2260a7c",
                "sha256:33a68011a38020ed4ff41ae0dbf4a96a202562ecf2024bdd8f65385f1d07f6ef",
                "sha256:365783e1b7c40b59ed4ce2b5a7491bae48f41cd2c30d52647a5b1ee8604c68ad",
                "sha256:3a95d2686bc4794d66bd8de654e41b5339fab542b2bca9238aa63ed5f4f2ce82",
                "sha256:3b2036479b6b94afaaca7d07b8a68dc0e67b0caf5f6293bb6a5a1825f5923000",
                "sha256:3c7f270f4ca92760f98a42c45a58674fff488e23b144ec80b1cc6fa2effed377",
                "sha256:3f6d47e392c27206701565c8df4cac6ebed28fdf6dcaea5b1eea7a4631d8e6db",
                "sha256:40d2d719c3c36a7a65ed26400e2b45b2d9ed7edf498f4df38b2ae130f25a0d01",
                "sha256:4618f0d2bf523043866a9ff8458900d8eb0a6d4018f251dae98e5f1fb699f3a8",
                "sha256:471a8c47344b9cc309558b3fcc469bd2c12b49322b4b31eb386c4a2b2d44e44a",
                "sha256:4954e6b06dd0be97e1a5751fc606be1f9edbdc553c5d9b57d72406a8fbd17f9d",
                "sha256:497a7d20caea8855c5429db3cdb829385467217d7feb86952a6107e033e031b9",
                "sha256:4b91f4f62ad39a8a42d511d66269b46cb2fb7dea9564c21ab6c56a642d28bff5",
                "sha256:4dbf252ac19860e0ab56cd480d2805498f47c5a2d04f5995d8d8a6effd04b48c",
                "sha256:4e10b04542d27e21538e670156e88766543692a0a883f243ba8fad9ddea82e53",
                "sha256:5284997e3d88d0dfb874c43e51ae8f4a6f4ca5b90dcf22995035187253d430db",
                "sha256:57359785f27394a8bcab0da6dcd46706d087dfebf59a8d0ad2e64a4bc2f6f94f",
                "sha256:597128cb7bc5f068181b49a732961f46cb89f85686206289d6ccb5e27cb5fbe2",
                "sha256:5aa1a073514cf59c81ad49a4ed9b5d72b2433638cd53160fd2f3a9cfa94718db",
                "sha256:680dbcff5adc7f696ccf8bf671d38366a1f620b5616a1d333d0cb33956065395",
                "sha256:6984dda9d79064361ab58d03f6c1e793ea845c6cfa89ffe1a7b9bb400dfd56bd",
                "sha256:69de056022e7abf69cb9fec795515973cc3eeaff51e3ea8d72a77aa933a91c52",
                "sha256:6c7efa6616a95e3bd73b8a69691012d2ef1f95f9ea0189e42f338fae080c2fc6",
                "sha256:6d1ad868624f6cea77341ef2877ad4e71f7116834a6cd7ec36ec5c32f94ee6ae",
                "sha256:713dff3f87ceec3bde4f3f484861464e722cf7533f9fa6b824ec82bb5a9010a7",
                "sha256:71462f8eeca477cbc0c9700a9464e3f75f59068aed5e9d4a521a103692da72dc",
                "sha256:7c38cfd355fd86c39b2d54651bd6ed7d63d4fe3b5553f364bae3306e2445f847",
                "sha256:8296edd99d0dd9d0eb8b9e25b3b3506eef55c1854e9cc230f0b3f885f680410b",
                "sha256:85431c9131a9a0f65260dc7a65c800ca5eae78c4c9931618f18c8e0933a0e0c1",
                "sha256:85e4d7bd05d18e4b348441e7584c681eff646e3bf38f68b2626807f3add21aa2",
                "sha256:8885ca09d3a9317219c0831276bfe26984b17b2c37b7bf70dd478d17092a4772",
                "sha256:8960fabc20bfe4fafb941067cda8e23c8c17c98c121aa31c7bf0cdab11b07842",
                "sha256:9443d9ebc5167ce1fbb552faf2d666fb22ef5716a8750be67efd140a7733738c",
                "sha256:9721554bfa9e15f6e462da304374c2f1baede3cb06008c36c47fa37ea32f1dc4",
                "sha256:98a4eb60e27033dee9593814ca320ee8c199489fbc6b2699d0f710584db7feb7",
                "sha256:98fae99d5c2146f254b7806001498e6f9ffb0e330de55a35e72feb7cb2fa399b",
                "sha256:9a281cba03bdaa341c70b7551b2256a88d45eead149f48b75a96d41128c240b3",
                "sha256:a087c84b4992160ffef7afd98ef24177c8bd4ad61c53607145a8377457385100",
                "sha256:a1ba7bc139592339ddeb62c06486d0fa0f4ca61216e14137a40d626c81faf10c",
                "sha256:a3081246bab4d419697ee45e555cef5cd1def7ac193dff6f50be761d2e44f194",
                "sha256:a72f89aea712c619b2ca32c6f4335c77125ede27530ad9705f4f349357833695",
                "sha256:a78ba86d5a08207d1d1ad10b97aed6ea48b374b3f6831d02d0b06545ac0f181e",
                "sha256:a961ee6f2cdd1a2be4735333ab284691180d40bad48f97bb598841bfcbfb94ec",
                "sha256:ab1546fc8e00676febc81c548a876c7bde32f881b8334b77f84719ab2c7d28dc",
                "sha256:ab2d6523575fc98896c80f49ac99e849c0b0e69cc80bf864eed6af2ae728a52b",
                "sha256:aff048793d05e1ce05b62e49dccf81fe52719a13f4861530706619506224992b",
                "sha256:b1a012677b8e0a39e181e218de47d6741c5922202e3b0b65e412e2ce47c39337",
                "sha256:b667e2a03407d79a76c618dc30cedebd48f082d85880d0c9c4ec2faa3e10f43e",
                "sha256:b91557ee0893da52794b25660d4f57bb519bcad8b7df301acd3898f7197c5d81",
                "sha256:badb51d851358cd7535b647bb67af4854b64f3c85f0d089c737f75504d5910ec",
                "sha256:c36074b26f3263879ba8e4dbd33db2b79874a3392f403a70b772701363148b9f",
                "sha256:c4916070e12ae140110aa598031876c1bf8676a36a750716ea0aa5bd694aa2e7",
                "sha256:c6769d71bfb1ed60321363a9bc05e94dcf05e38295ef41d46ac08919e5b00d19",
                "sha256:c887019dbcb4af58a091a45ccf376fffe800b5531b45c1efccda4bedf87747ea",
                "sha256:cd9716ef0224fe0d0336997eb242f40619f9f8c5c57e66b525a1ebf9f1d8cebe",
                "sha256:ceacea31f8a55cdba02bc72c93eb2e1b77160e91f8abd605969c168502fd71eb",
                "sha256:d088ca05381fd409793571d8e34eca06daf41c8c50a05aeed358d2d340c7af81",
                "sha256:d3a79200a9d5e621c4623081ddb25380b713c8cf5233cd11c1aabad990bb9381",
                "sha256:d82404a0e7b10e0d7f022cf44031b78af8a4f99bd01561ac68f7c24772fed021",
                "sha256:d95ae4420669c871667aad92ba8cce6251d61d79c1a38504621094143f94a8b4",
                "sha256:da57af0c54a302b7c655fa1ccd5b1817a53739afa39924ef1816e7b7c8a07ccb",
                "sha256:ddb9b9764cfb4459acf01c02d2a59d3e5066b06a846a364fd1749aa168efa2be",
                "sha256:de23085cf90911600ace512e909114385026b16324fa203cc74c81f21fd3276a",
                "sha256:e1f0f7b27171b2956a27bd8f899751d0866ddabdd05cbddf3520f945130a908c",
                "sha256:e32148b4a745e70a255a1d44b5664de1f2e24fcefb98a75b60c83b9e260ddb5b",
                "sha256:e45fdfcb2d5bcad83373e4808825b7512953146d147488114575780640665027",
                "sha256:e56bb7e31c4bc79956b866163170bc89fd619e0581ce813330d4ea46921a4881",
                "sha256:e860985f30f3a015979e63e7ba1a391526cdac1b22b7b332579df7867848e255",
                "sha256:ee3587506898d4a404b33bd19689286ccf226c3d44d7a73670c8498cd688e42c",
                "sha256:ee97c4e54f457c366e1f76fbbf3e8effee9de57dae671084a161c00f481106ce",
                "sha256:ef9b484604af05ca745b6108ca1aaa22ae1919037ae4f93aaf9a37ba42e0b835",
                "sha256:f21e8f2abed9a44afc3d15bba22e0dfc71e5fa859bea916e42354c16102b036f",
                "sha256:f23a6c1d09de5de89a33c9e9b229106cb70dcfdd55e81a3a3580eaadaa32bc92",
                "sha256:f5d5d5401744dda50b943d8764508d0e60cc2d3305ac1e6420935861a9d544bc",
                "sha256:f78e2a78432c537ae876a93013b7bc0027ba5b93ad7b3463624c4b6906489332",
                "sha256:f8179855a4e4f3b931cb1764ec87673d3fbdcca2af496c8d30567d7b034a13db",
                "sha256:fc0e7f91705445d79beafba9bb3057dd50830e40fe5417017a76a214af54e122",
                "sha256:fe285a697c851734285369614443451462ce78aac2b77db23567507484b1dc6f",
                "sha256:fe3d79d6af839ffa46fdc5d2cf34295390894471e9875050eafa584cb781508d",
                "sha256:fecd55e7418fabd297fd836e65cbd6371aa4035a264998a091bbf13f94d9c44d",
                "sha256:ffef3d763e4c8fc97e740da5b4d0f080b78630a3914f4e772a122bbfa608c1db"
            ],
            "index": "pypi",
            "version": "==3.10.8"
        },
        "aiosignal": {
            "hashes": [
                "sha256:54cd96e15e1649b75d6c87526a6ff0b6c1b0dd3459f43d9ca11d48c339b68cfc",
                "sha256:f8376fb07dd1e86a584e4fcdec80b36b7f81aac666ebc724e2c090300dd83b17"
            ],
            "markers": "python_version >= '3.7'",
            "version": "==1.3.1"
        },
        "attrs": {
            "hashes": [
                "sha256:5cfb1b9148b5b086569baec03f20d7b6bf3bcacc9a42bebf87ffaaca362f6346",
                "sha256:81921eb96de3191c8258c199618104dd27ac608d9366f5e35d011eae1867ede2"
            ],
            "markers": "python_version >= '3.7'",
            "version": "==24.2.0"
        },
        "bidict": {
            "hashes": [
                "sha256:03069d763bc387bbd20e7d49914e75fc4132a41937fa3405417e1a5a2d006d71",
                "sha256:5dae8d4d79b552a71cbabc7deb25dfe8ce710b17ff41711e13010ead2abfc3e5"
            ],
            "markers": "python_version >= '3.8'",
            "version": "==0.23.1"
        },
        "frozenlist": {
            "hashes": [
                "sha256:04ced3e6a46b4cfffe20f9ae482818e34eba9b5fb0ce4056e4cc9b6e212d09b7",
                "sha256:0633c8d5337cb5c77acbccc6357ac49a1770b8c487e5b3505c57b949b4b82e98",
                "sha256:068b63f23b17df8569b7fdca5517edef76171cf3897eb68beb01341131fbd2ad",
                "sha256:0c250a29735d4f15321007fb02865f0e6b6a41a6b88f1f523ca1596ab5f50bd5",
                "sha256:1979bc0aeb89b33b588c51c54ab0161791149f2461ea7c7c946d95d5f93b56ae",
                "sha256:1a4471094e146b6790f61b98616ab8e44f72661879cc63fa1049d13ef711e71e",
                "sha256:1b280e6507ea8a4fa0c0a7150b4e526a8d113989e28eaaef946cc77ffd7efc0a",
                "sha256:1d0ce09d36d53bbbe566fe296965b23b961764c0bcf3ce2fa45f463745c04701",
                "sha256:20b51fa3f588ff2fe658663db52a41a4f7aa6c04f6201449c6c7c476bd255c0d",
                "sha256:23b2d7679b73fe0e5a4560b672a39f98dfc6f60df63823b0a9970525325b95f6",
                "sha256:23b701e65c7b36e4bf15546a89279bd4d8675faabc287d06bbcfac7d3c33e1e6",
                "sha256:2471c201b70d58a0f0c1f91261542a03d9a5e088ed3dc6c160d614c01649c106",
                "sha256:27657df69e8801be6c3638054e202a135c7f299267f1a55ed3a598934f6c0d75",
                "sha256:29acab3f66f0f24674b7dc4736477bcd4bc3ad4b896f5f45379a67bce8b96868",
                "sha256:32453c1de775c889eb4e22f1197fe3bdfe457d16476ea407472b9442e6295f7a",
                "sha256:3a670dc61eb0d0eb7080890c13de3066790f9049b47b0de04007090807c776b0",
                "sha256:3e0153a805a98f5ada7e09826255ba99fb4f7524bb81bf6b47fb702666484ae1",
                "sha256:410478a0c562d1a5bcc2f7ea448359fcb050ed48b3c6f6f4f18c313a9bdb1826",
                "sha256:442acde1e068288a4ba7acfe05f5f343e19fac87bfc96d89eb886b0363e977ec",
                "sha256:48f6a4533887e189dae092f1cf981f2e3885175f7a0f33c91fb5b7b682b6bab6",
                "sha256:4f57dab5fe3407b6c0c1cc907ac98e8a189f9e418f3b6e54d65a718aaafe3950",
                "sha256:4f9c515e7914626b2a2e1e311794b4c35720a0be87af52b79ff8e1429fc25f19",
                "sha256:55fdc093b5a3cb41d420884cdaf37a1e74c3c37a31f46e66286d9145d2063bd0",
                "sha256:5667ed53d68d91920defdf4035d1cdaa3c3121dc0b113255124bcfada1cfa1b8",
                "sha256:590344787a90ae57d62511dd7c736ed56b428f04cd8c161fcc5e7232c130c69a",
                "sha256:5a7d70357e7cee13f470c7883a063aae5fe209a493c57d86eb7f5a6f910fae09",
                "sha256:5c3894db91f5a489fc8fa6a9991820f368f0b3cbdb9cd8849547ccfab3392d86",
                "sha256:5c849d495bf5154cd8da18a9eb15db127d4dba2968d88831aff6f0331ea9bd4c",
                "sha256:64536573d0a2cb6e625cf309984e2d873979709f2cf22839bf2d61790b448ad5",
                "sha256:693945278a31f2086d9bf3df0fe8254bbeaef1fe71e1351c3bd730aa7d31c41b",
                "sha256:6db4667b187a6742b33afbbaf05a7bc551ffcf1ced0000a571aedbb4aa42fc7b",
                "sha256:6eb73fa5426ea69ee0e012fb59cdc76a15b1283d6e32e4f8dc4482ec67d1194d",
                "sha256:722e1124aec435320ae01ee3ac7bec11a5d47f25d0ed6328f2273d287bc3abb0",
                "sha256:7268252af60904bf52c26173cbadc3a071cece75f873705419c8681f24d3edea",
                "sha256:74fb4bee6880b529a0c6560885fce4dc95936920f9f20f53d99a213f7bf66776",
                "sha256:780d3a35680ced9ce682fbcf4cb9c2bad3136eeff760ab33707b71db84664e3a",
                "sha256:82e8211d69a4f4bc360ea22cd6555f8e61a1bd211d1d5d39d3d228b48c83a897",
                "sha256:89aa2c2eeb20957be2d950b85974b30a01a762f3308cd02bb15e1ad632e22dc7",
                "sha256:8aefbba5f69d42246543407ed2461db31006b0f76c4e32dfd6f42215a2c41d09",
                "sha256:96ec70beabbd3b10e8bfe52616a13561e58fe84c0101dd031dc78f250d5128b9",
                "sha256:9750cc7fe1ae3b1611bb8cfc3f9ec11d532244235d75901fb6b8e42ce9229dfe",
                "sha256:9acbb16f06fe7f52f441bb6f413ebae6c37baa6ef9edd49cdd567216da8600cd",
                "sha256:9d3e0c25a2350080e9319724dede4f31f43a6c9779be48021a7f4ebde8b2d742",
                "sha256:a06339f38e9ed3a64e4c4e43aec7f59084033647f908e4259d279a52d3757d09",
                "sha256:a0cb6f11204443f27a1628b0e460f37fb30f624be6051d490fa7d7e26d4af3d0",
                "sha256:a7496bfe1da7fb1a4e1cc23bb67c58fab69311cc7d32b5a99c2007b4b2a0e932",
                "sha256:a828c57f00f729620a442881cc60e57cfcec6842ba38e1b19fd3e47ac0ff8dc1",
                "sha256:a9b2de4cf0cdd5bd2dee4c4f63a653c61d2408055ab77b151c1957f221cabf2a",
                "sha256:b46c8ae3a8f1f41a0d2ef350c0b6e65822d80772fe46b653ab6b6274f61d4a49",
                "sha256:b7e3ed87d4138356775346e6845cccbe66cd9e207f3cd11d2f0b9fd13681359d",
                "sha256:b7f2f9f912dca3934c1baec2e4585a674ef16fe00218d833856408c48d5beee7",
                "sha256:ba60bb19387e13597fb059f32cd4d59445d7b18b69a745b8f8e5db0346f33480",
                "sha256:beee944ae828747fd7cb216a70f120767fc9f4f00bacae8543c14a6831673f89",
                "sha256:bfa4a17e17ce9abf47a74ae02f32d014c5e9404b6d9ac7f729e01562bbee601e",
                "sha256:c037a86e8513059a2613aaba4d817bb90b9d9b6b69aace3ce9c877e8c8ed402b",
                "sha256:c302220494f5c1ebeb0912ea782bcd5e2f8308037b3c7553fad0e48ebad6ad82",
                "sha256:c6321c9efe29975232da3bd0af0ad216800a47e93d763ce64f291917a381b8eb",
                "sha256:c757a9dd70d72b076d6f68efdbb9bc943665ae954dad2801b874c8c69e185068",
                "sha256:c99169d4ff810155ca50b4da3b075cbde79752443117d89429595c2e8e37fed8",
                "sha256:c9c92be9fd329ac801cc420e08452b70e7aeab94ea4233a4804f0915c14eba9b",
                "sha256:cc7b01b3754ea68a62bd77ce6020afaffb44a590c2289089289363472d13aedb",
                "sha256:db9e724bebd621d9beca794f2a4ff1d26eed5965b004a97f1f1685a173b869c2",
                "sha256:dca69045298ce5c11fd539682cff879cc1e664c245d1c64da929813e54241d11",
                "sha256:dd9b1baec094d91bf36ec729445f7769d0d0cf6b64d04d86e45baf89e2b9059b",
                "sha256:e02a0e11cf6597299b9f3bbd3f93d79217cb90cfd1411aec33848b13f5c656cc",
                "sha256:e6a20a581f9ce92d389a8c7d7c3dd47c81fd5d6e655c8dddf341e14aa48659d0",
                "sha256:e7004be74cbb7d9f34553a5ce5fb08be14fb33bc86f332fb71cbe5216362a497",
                "sha256:e774d53b1a477a67838a904131c4b0eef6b3d8a651f8b138b04f748fccfefe17",
                "sha256:edb678da49d9f72c9f6c609fbe41a5dfb9a9282f9e6a2253d5a91e0fc382d7c0",
                "sha256:f146e0911cb2f1da549fc58fc7bcd2b836a44b79ef871980d605ec392ff6b0d2",
                "sha256:f56e2333dda1fe0f909e7cc59f021eba0d2307bc6f012a1ccf2beca6ba362439",
                "sha256:f9a3ea26252bd92f570600098783d1371354d89d5f6b7dfd87359d669f2109b5",
                "sha256:f9aa1878d1083b276b0196f2dfbe00c9b7e752475ed3b682025ff20c1c1f51ac",
                "sha256:fb3c2db03683b5767dedb5769b8a40ebb47d6f7f45b1b3e3b4b51ec8ad9d9825",
                "sha256:fbeb989b5cc29e8daf7f976b421c220f1b8c731cbf22b9130d8815418ea45887",
                "sha256:fde5bd59ab5357e3853313127f4d3565fc7dad314a74d7b5d43c22c6a5ed2ced",
                "sha256:fe1a06da377e3a1062ae5fe0926e12b84eceb8a50b350ddca72dc85015873f74"
            ],
            "markers": "python_version >= '3.8'",
            "version": "==1.4.1"
        },
        "h11": {
            "hashes": [
                "sha256:8f19fbbe99e72420ff35c00b27a34cb9937e902a8b810e2c88300c6f0a3b699d",
                "sha256:e3fe4ac4b851c468cc8363d500db52c2ead036020723024a109d37346efaa761"
            ],
            "markers": "python_version >= '3.7'",
            "version": "==0.14.0"
        },
        "idna": {
            "hashes": [
                "sha256:12f65c9b470abda6dc35cf8e63cc574b1c52b11df2c86030af0ac09b01b13ea9",
                "sha256:946d195a0d259cbba61165e88e65941f16e9b36ea6ddb97f00452bae8b1287d3"
            ],
            "markers": "python_version >= '3.6'",
            "version": "==3.10"
        },
        "multidict": {
            "hashes": [
                "sha256:052e10d2d37810b99cc170b785945421141bf7bb7d2f8799d431e7db229c385f",
                "sha256:06809f4f0f7ab7ea2cabf9caca7d79c22c0758b58a71f9d32943ae13c7ace056",
                "sha256:071120490b47aa997cca00666923a83f02c7fbb44f71cf7f136df753f7fa8761",
                "sha256:0c3f390dc53279cbc8ba976e5f8035eab997829066756d811616b652b00a23a3",
                "sha256:0e2b90b43e696f25c62656389d32236e049568b39320e2735d51f08fd362761b",
                "sha256:0e5f362e895bc5b9e67fe6e4ded2492d8124bdf817827f33c5b46c2fe3ffaca6",
                "sha256:10524ebd769727ac77ef2278390fb0068d83f3acb7773792a5080f2b0abf7748",
                "sha256:10a9b09aba0c5b48c53761b7c720aaaf7cf236d5fe394cd399c7ba662d5f9966",
                "sha256:16e5f4bf4e603eb1fdd5d8180f1a25f30056f22e55ce51fb3d6ad4ab29f7d96f",
                "sha256:188215fc0aafb8e03341995e7c4797860181562380f81ed0a87ff455b70bf1f1",
                "sha256:189f652a87e876098bbc67b4da1049afb5f5dfbaa310dd67c594b01c10388db6",
                "sha256:1ca0083e80e791cffc6efce7660ad24af66c8d4079d2a750b29001b53ff59ada",
                "sha256:1e16bf3e5fc9f44632affb159d30a437bfe286ce9e02754759be5536b169b305",
                "sha256:2090f6a85cafc5b2db085124d752757c9d251548cedabe9bd31afe6363e0aff2",
                "sha256:20b9b5fbe0b88d0bdef2012ef7dee867f874b72528cf1d08f1d59b0e3850129d",
                "sha256:22ae2ebf9b0c69d206c003e2f6a914ea33f0a932d4aa16f236afc049d9958f4a",
                "sha256:22f3105d4fb15c8f57ff3959a58fcab6ce36814486500cd7485651230ad4d4ef",
                "sha256:23bfd518810af7de1116313ebd9092cb9aa629beb12f6ed631ad53356ed6b86c",
                "sha256:27e5fc84ccef8dfaabb09d82b7d179c7cf1a3fbc8a966f8274fcb4ab2eb4cadb",
                "sha256:3380252550e372e8511d49481bd836264c009adb826b23fefcc5dd3c69692f60",
                "sha256:3702ea6872c5a2a4eeefa6ffd36b042e9773f05b1f37ae3ef7264b1163c2dcf6",
                "sha256:37bb93b2178e02b7b618893990941900fd25b6b9ac0fa49931a40aecdf083fe4",
                "sha256:3914f5aaa0f36d5d60e8ece6a308ee1c9784cd75ec8151062614657a114c4478",
                "sha256:3a37ffb35399029b45c6cc33640a92bef403c9fd388acce75cdc88f58bd19a81",
                "sha256:3c8b88a2ccf5493b6c8da9076fb151ba106960a2df90c2633f342f120751a9e7",
                "sha256:3e97b5e938051226dc025ec80980c285b053ffb1e25a3db2a3aa3bc046bf7f56",
                "sha256:3ec660d19bbc671e3a6443325f07263be452c453ac9e512f5eb935e7d4ac28b3",
                "sha256:3efe2c2cb5763f2f1b275ad2bf7a287d3f7ebbef35648a9726e3b69284a4f3d6",
                "sha256:483a6aea59cb89904e1ceabd2b47368b5600fb7de78a6e4a2c2987b2d256cf30",
                "sha256:4867cafcbc6585e4b678876c489b9273b13e9fff9f6d6d66add5e15d11d926cb",
                "sha256:48e171e52d1c4d33888e529b999e5900356b9ae588c2f09a52dcefb158b27506",
                "sha256:4a9cb68166a34117d6646c0023c7b759bf197bee5ad4272f420a0141d7eb03a0",
                "sha256:4b820514bfc0b98a30e3d85462084779900347e4d49267f747ff54060cc33925",
                "sha256:4e18b656c5e844539d506a0a06432274d7bd52a7487e6828c63a63d69185626c",
                "sha256:4e9f48f58c2c523d5a06faea47866cd35b32655c46b443f163d08c6d0ddb17d6",
                "sha256:50b3a2710631848991d0bf7de077502e8994c804bb805aeb2925a981de58ec2e",
                "sha256:55b6d90641869892caa9ca42ff913f7ff1c5ece06474fbd32fb2cf6834726c95",
                "sha256:57feec87371dbb3520da6192213c7d6fc892d5589a93db548331954de8248fd2",
                "sha256:58130ecf8f7b8112cdb841486404f1282b9c86ccb30d3519faf301b2e5659133",
                "sha256:5845c1fd4866bb5dd3125d89b90e57ed3138241540897de748cdf19de8a2fca2",
                "sha256:59bfeae4b25ec05b34f1956eaa1cb38032282cd4dfabc5056d0a1ec4d696d3aa",
                "sha256:5b48204e8d955c47c55b72779802b219a39acc3ee3d0116d5080c388970b76e3",
                "sha256:5c09fcfdccdd0b57867577b719c69e347a436b86cd83747f179dbf0cc0d4c1f3",
                "sha256:6180c0ae073bddeb5a97a38c03f30c233e0a4d39cd86166251617d1bbd0af436",
                "sha256:682b987361e5fd7a139ed565e30d81fd81e9629acc7d925a205366877d8c8657",
                "sha256:6b5d83030255983181005e6cfbac1617ce9746b219bc2aad52201ad121226581",
                "sha256:6bb5992037f7a9eff7991ebe4273ea7f51f1c1c511e6a2ce511d0e7bdb754492",
                "sha256:73eae06aa53af2ea5270cc066dcaf02cc60d2994bbb2c4ef5764949257d10f43",
                "sha256:76f364861c3bfc98cbbcbd402d83454ed9e01a5224bb3a28bf70002a230f73e2",
                "sha256:820c661588bd01a0aa62a1283f20d2be4281b086f80dad9e955e690c75fb54a2",
                "sha256:82176036e65644a6cc5bd619f65f6f19781e8ec2e5330f51aa9ada7504cc1926",
                "sha256:87701f25a2352e5bf7454caa64757642734da9f6b11384c1f9d1a8e699758057",
                "sha256:9079dfc6a70abe341f521f78405b8949f96db48da98aeb43f9907f342f627cdc",
                "sha256:90f8717cb649eea3504091e640a1b8568faad18bd4b9fcd692853a04475a4b80",
                "sha256:957cf8e4b6e123a9eea554fa7ebc85674674b713551de587eb318a2df3e00255",
                "sha256:99f826cbf970077383d7de805c0681799491cb939c25450b9b5b3ced03ca99f1",
                "sha256:9f636b730f7e8cb19feb87094949ba54ee5357440b9658b2a32a5ce4bce53972",
                "sha256:a114d03b938376557927ab23f1e950827c3b893ccb94b62fd95d430fd0e5cf53",
                "sha256:a185f876e69897a6f3325c3f19f26a297fa058c5e456bfcff8015e9a27e83ae1",
                "sha256:a7a9541cd308eed5e30318430a9c74d2132e9a8cb46b901326272d780bf2d423",
                "sha256:aa466da5b15ccea564bdab9c89175c762bc12825f4659c11227f515cee76fa4a",
                "sha256:aaed8b0562be4a0876ee3b6946f6869b7bcdb571a5d1496683505944e268b160",
                "sha256:ab7c4ceb38d91570a650dba194e1ca87c2b543488fe9309b4212694174fd539c",
                "sha256:ac10f4c2b9e770c4e393876e35a7046879d195cd123b4f116d299d442b335bcd",
                "sha256:b04772ed465fa3cc947db808fa306d79b43e896beb677a56fb2347ca1a49c1fa",
                "sha256:b1c416351ee6271b2f49b56ad7f308072f6f44b37118d69c2cad94f3fa8a40d5",
                "sha256:b225d95519a5bf73860323e633a664b0d85ad3d5bede6d30d95b35d4dfe8805b",
                "sha256:b2f59caeaf7632cc633b5cf6fc449372b83bbdf0da4ae04d5be36118e46cc0aa",
                "sha256:b58c621844d55e71c1b7f7c498ce5aa6985d743a1a59034c57a905b3f153c1ef",
                "sha256:bf6bea52ec97e95560af5ae576bdac3aa3aae0b6758c6efa115236d9e07dae44",
                "sha256:c08be4f460903e5a9d0f76818db3250f12e9c344e79314d1d570fc69d7f4eae4",
                "sha256:c7053d3b0353a8b9de430a4f4b4268ac9a4fb3481af37dfe49825bf45ca24156",
                "sha256:c943a53e9186688b45b323602298ab727d8865d8c9ee0b17f8d62d14b56f0753",
                "sha256:ce2186a7df133a9c895dea3331ddc5ddad42cdd0d1ea2f0a51e5d161e4762f28",
                "sha256:d093be959277cb7dee84b801eb1af388b6ad3ca6a6b6bf1ed7585895789d027d",
                "sha256:d094ddec350a2fb899fec68d8353c78233debde9b7d8b4beeafa70825f1c281a",
                "sha256:d1a9dd711d0877a1ece3d2e4fea11a8e75741ca21954c919406b44e7cf971304",
                "sha256:d569388c381b24671589335a3be6e1d45546c2988c2ebe30fdcada8457a31008",
                "sha256:d618649d4e70ac6efcbba75be98b26ef5078faad23592f9b51ca492953012429",
                "sha256:d83a047959d38a7ff552ff94be767b7fd79b831ad1cd9920662db05fec24fe72",
                "sha256:d8fff389528cad1618fb4b26b95550327495462cd745d879a8c7c2115248e399",
                "sha256:da1758c76f50c39a2efd5e9859ce7d776317eb1dd34317c8152ac9251fc574a3",
                "sha256:db7457bac39421addd0c8449933ac32d8042aae84a14911a757ae6ca3eef1392",
                "sha256:e27bbb6d14416713a8bd7aaa1313c0fc8d44ee48d74497a0ff4c3a1b6ccb5167",
                "sha256:e617fb6b0b6953fffd762669610c1c4ffd05632c138d61ac7e14ad187870669c",
                "sha256:e9aa71e15d9d9beaad2c6b9319edcdc0a49a43ef5c0a4c8265ca9ee7d6c67774",
                "sha256:ec2abea24d98246b94913b76a125e855eb5c434f7c46546046372fe60f666351",
                "sha256:f179dee3b863ab1c59580ff60f9d99f632f34ccb38bf67a33ec6b3ecadd0fd76",
                "sha256:f4c035da3f544b1882bac24115f3e2e8760f10a0107614fc9839fd232200b875",
                "sha256:f67f217af4b1ff66c68a87318012de788dd95fcfeb24cc889011f4e1c7454dfd",
                "sha256:f90c822a402cb865e396a504f9fc8173ef34212a342d92e362ca498cad308e28",
                "sha256:ff3827aef427c89a25cc96ded1759271a93603aba9fb977a6d264648ebf989db"
            ],
            "markers": "python_version >= '3.8'",
            "version": "==6.1.0"
        },
        "python-engineio": {
            "hashes": [
                "sha256:7631cf5563086076611e494c643b3fa93dd3a854634b5488be0bba0ef9b99709",
                "sha256:f995e702b21f6b9ebde4e2000cd2ad0112ba0e5116ec8d22fe3515e76ba9dddd"
            ],
            "markers": "python_version >= '3.6'",
            "version": "==4.9.1"
        },
        "python-socketio": {
            "hashes": [
                "sha256:42efaa3e3e0b166fc72a527488a13caaac2cefc76174252486503bd496284945",
                "sha256:8b0b8ff2964b2957c865835e936310190639c00310a47d77321a594d1665355e"
            ],
            "index": "pypi",
            "version": "==5.11.4"
        },
        "simple-websocket": {
            "hashes": [
                "sha256:17d2c72f4a2bd85174a97e3e4c88b01c40c3f81b7b648b0cc3ce1305968928c8",
                "sha256:1d5bf585e415eaa2083e2bcf02a3ecf91f9712e7b3e6b9fa0b461ad04e0837bc"
            ],
            "markers": "python_version >= '3.6'",
            "version": "==1.0.0"
        },
        "wsproto": {
            "hashes": [
                "sha256:ad565f26ecb92588a3e43bc3d96164de84cd9902482b130d0ddbaa9664a85065",
                "sha256:b9acddd652b585d75b20477888c56642fdade28bdfd3579aa24a4d2c037dd736"
            ],
            "markers": "python_version >= '3.7'",
            "version": "==1.2.0"
        },
        "yarl": {
            "hashes": [
                "sha256:08d7148ff11cb8e886d86dadbfd2e466a76d5dd38c7ea8ebd9b0e07946e76e4b",
                "sha256:098b870c18f1341786f290b4d699504e18f1cd050ed179af8123fd8232513424",
                "sha256:11b3ca8b42a024513adce810385fcabdd682772411d95bbbda3b9ed1a4257644",
                "sha256:1891d69a6ba16e89473909665cd355d783a8a31bc84720902c5911dbb6373465",
                "sha256:1bbb418f46c7f7355084833051701b2301092e4611d9e392360c3ba2e3e69f88",
                "sha256:1d0828e17fa701b557c6eaed5edbd9098eb62d8838344486248489ff233998b8",
                "sha256:1d8e3ca29f643dd121f264a7c89f329f0fcb2e4461833f02de6e39fef80f89da",
                "sha256:1fa56f34b2236f5192cb5fceba7bbb09620e5337e0b6dfe2ea0ddbd19dd5b154",
                "sha256:216a6785f296169ed52cd7dcdc2612f82c20f8c9634bf7446327f50398732a51",
                "sha256:22b739f99c7e4787922903f27a892744189482125cc7b95b747f04dd5c83aa9f",
                "sha256:2430cf996113abe5aee387d39ee19529327205cda975d2b82c0e7e96e5fdabdc",
                "sha256:269c201bbc01d2cbba5b86997a1e0f73ba5e2f471cfa6e226bcaa7fd664b598d",
                "sha256:298c1eecfd3257aa16c0cb0bdffb54411e3e831351cd69e6b0739be16b1bdaa8",
                "sha256:2a93a4557f7fc74a38ca5a404abb443a242217b91cd0c4840b1ebedaad8919d4",
                "sha256:2b2442a415a5f4c55ced0fade7b72123210d579f7d950e0b5527fc598866e62c",
                "sha256:2db874dd1d22d4c2c657807562411ffdfabec38ce4c5ce48b4c654be552759dc",
                "sha256:309c104ecf67626c033845b860d31594a41343766a46fa58c3309c538a1e22b2",
                "sha256:31497aefd68036d8e31bfbacef915826ca2e741dbb97a8d6c7eac66deda3b606",
                "sha256:373f16f38721c680316a6a00ae21cc178e3a8ef43c0227f88356a24c5193abd6",
                "sha256:396e59b8de7e4d59ff5507fb4322d2329865b909f29a7ed7ca37e63ade7f835c",
                "sha256:3bb83a0f12701c0b91112a11148b5217617982e1e466069d0555be9b372f2734",
                "sha256:3de86547c820e4f4da4606d1c8ab5765dd633189791f15247706a2eeabc783ae",
                "sha256:3fdbf0418489525231723cdb6c79e7738b3cbacbaed2b750cb033e4ea208f220",
                "sha256:40c6e73c03a6befb85b72da213638b8aaa80fe4136ec8691560cf98b11b8ae6e",
                "sha256:44a4c40a6f84e4d5955b63462a0e2a988f8982fba245cf885ce3be7618f6aa7d",
                "sha256:44b07e1690f010c3c01d353b5790ec73b2f59b4eae5b0000593199766b3f7a5c",
                "sha256:45d23c4668d4925688e2ea251b53f36a498e9ea860913ce43b52d9605d3d8177",
                "sha256:45f209fb4bbfe8630e3d2e2052535ca5b53d4ce2d2026bed4d0637b0416830da",
                "sha256:4afdf84610ca44dcffe8b6c22c68f309aff96be55f5ea2fa31c0c225d6b83e23",
                "sha256:4feaaa4742517eaceafcbe74595ed335a494c84634d33961214b278126ec1485",
                "sha256:576365c9f7469e1f6124d67b001639b77113cfd05e85ce0310f5f318fd02fe85",
                "sha256:5820bd4178e6a639b3ef1db8b18500a82ceab6d8b89309e121a6859f56585b05",
                "sha256:5989a38ba1281e43e4663931a53fbf356f78a0325251fd6af09dd03b1d676a09",
                "sha256:5a9bacedbb99685a75ad033fd4de37129449e69808e50e08034034c0bf063f99",
                "sha256:5b66c87da3c6da8f8e8b648878903ca54589038a0b1e08dde2c86d9cd92d4ac9",
                "sha256:5c5e32fef09ce101fe14acd0f498232b5710effe13abac14cd95de9c274e689e",
                "sha256:658e8449b84b92a4373f99305de042b6bd0d19bf2080c093881e0516557474a5",
                "sha256:6a2acde25be0cf9be23a8f6cbd31734536a264723fca860af3ae5e89d771cd71",
                "sha256:6a5185ad722ab4dd52d5fb1f30dcc73282eb1ed494906a92d1a228d3f89607b0",
                "sha256:6b7f6e699304717fdc265a7e1922561b02a93ceffdaefdc877acaf9b9f3080b8",
                "sha256:703b0f584fcf157ef87816a3c0ff868e8c9f3c370009a8b23b56255885528f10",
                "sha256:7055bbade838d68af73aea13f8c86588e4bcc00c2235b4b6d6edb0dbd174e246",
                "sha256:78f271722423b2d4851cf1f4fa1a1c4833a128d020062721ba35e1a87154a049",
                "sha256:7addd26594e588503bdef03908fc207206adac5bd90b6d4bc3e3cf33a829f57d",
                "sha256:81bad32c8f8b5897c909bf3468bf601f1b855d12f53b6af0271963ee67fff0d2",
                "sha256:82e692fb325013a18a5b73a4fed5a1edaa7c58144dc67ad9ef3d604eccd451ad",
                "sha256:84bbcdcf393139f0abc9f642bf03f00cac31010f3034faa03224a9ef0bb74323",
                "sha256:86c438ce920e089c8c2388c7dcc8ab30dfe13c09b8af3d306bcabb46a053d6f7",
                "sha256:8be8cdfe20787e6a5fcbd010f8066227e2bb9058331a4eccddec6c0db2bb85b2",
                "sha256:8c723c91c94a3bc8033dd2696a0f53e5d5f8496186013167bddc3fb5d9df46a3",
                "sha256:8ca53632007c69ddcdefe1e8cbc3920dd88825e618153795b57e6ebcc92e752a",
                "sha256:8f722f30366474a99745533cc4015b1781ee54b08de73260b2bbe13316079851",
                "sha256:942c80a832a79c3707cca46bd12ab8aa58fddb34b1626d42b05aa8f0bcefc206",
                "sha256:94a993f976cdcb2dc1b855d8b89b792893220db8862d1a619efa7451817c836b",
                "sha256:95c6737f28069153c399d875317f226bbdea939fd48a6349a3b03da6829fb550",
                "sha256:9915300fe5a0aa663c01363db37e4ae8e7c15996ebe2c6cce995e7033ff6457f",
                "sha256:9a18595e6a2ee0826bf7dfdee823b6ab55c9b70e8f80f8b77c37e694288f5de1",
                "sha256:9c8854b9f80693d20cec797d8e48a848c2fb273eb6f2587b57763ccba3f3bd4b",
                "sha256:9cec42a20eae8bebf81e9ce23fb0d0c729fc54cf00643eb251ce7c0215ad49fe",
                "sha256:9d2e1626be8712333a9f71270366f4a132f476ffbe83b689dd6dc0d114796c74",
                "sha256:9d74f3c335cfe9c21ea78988e67f18eb9822f5d31f88b41aec3a1ec5ecd32da5",
                "sha256:9fb4134cc6e005b99fa29dbc86f1ea0a298440ab6b07c6b3ee09232a3b48f495",
                "sha256:a0ae6637b173d0c40b9c1462e12a7a2000a71a3258fa88756a34c7d38926911c",
                "sha256:a31d21089894942f7d9a8df166b495101b7258ff11ae0abec58e32daf8088813",
                "sha256:a3442c31c11088e462d44a644a454d48110f0588de830921fd201060ff19612a",
                "sha256:ab9524e45ee809a083338a749af3b53cc7efec458c3ad084361c1dbf7aaf82a2",
                "sha256:b1481c048fe787f65e34cb06f7d6824376d5d99f1231eae4778bbe5c3831076d",
                "sha256:b8c837ab90c455f3ea8e68bee143472ee87828bff19ba19776e16ff961425b57",
                "sha256:bbf2c3f04ff50f16404ce70f822cdc59760e5e2d7965905f0e700270feb2bbfc",
                "sha256:bbf9c2a589be7414ac4a534d54e4517d03f1cbb142c0041191b729c2fa23f320",
                "sha256:bcd5bf4132e6a8d3eb54b8d56885f3d3a38ecd7ecae8426ecf7d9673b270de43",
                "sha256:c14c16831b565707149c742d87a6203eb5597f4329278446d5c0ae7a1a43928e",
                "sha256:c49f3e379177f4477f929097f7ed4b0622a586b0aa40c07ac8c0f8e40659a1ac",
                "sha256:c92b89bffc660f1274779cb6fbb290ec1f90d6dfe14492523a0667f10170de26",
                "sha256:cd66152561632ed4b2a9192e7f8e5a1d41e28f58120b4761622e0355f0fe034c",
                "sha256:cf1ad338620249f8dd6d4b6a91a69d1f265387df3697ad5dc996305cf6c26fb2",
                "sha256:d07b52c8c450f9366c34aa205754355e933922c79135125541daae6cbf31c799",
                "sha256:d0d12fe78dcf60efa205e9a63f395b5d343e801cf31e5e1dda0d2c1fb618073d",
                "sha256:d4ee1d240b84e2f213565f0ec08caef27a0e657d4c42859809155cf3a29d1735",
                "sha256:d959fe96e5c2712c1876d69af0507d98f0b0e8d81bee14cfb3f6737470205419",
                "sha256:dcaef817e13eafa547cdfdc5284fe77970b891f731266545aae08d6cce52161e",
                "sha256:df4e82e68f43a07735ae70a2d84c0353e58e20add20ec0af611f32cd5ba43fb4",
                "sha256:ec8cfe2295f3e5e44c51f57272afbd69414ae629ec7c6b27f5a410efc78b70a0",
                "sha256:ec9dd328016d8d25702a24ee274932aebf6be9787ed1c28d021945d264235b3c",
                "sha256:ef9b85fa1bc91c4db24407e7c4da93a5822a73dd4513d67b454ca7064e8dc6a3",
                "sha256:f3bf60444269345d712838bb11cc4eadaf51ff1a364ae39ce87a5ca8ad3bb2c8",
                "sha256:f452cc1436151387d3d50533523291d5f77c6bc7913c116eb985304abdbd9ec9",
                "sha256:f7917697bcaa3bc3e83db91aa3a0e448bf5cde43c84b7fc1ae2427d2417c0224",
                "sha256:f90575e9fe3aae2c1e686393a9689c724cd00045275407f71771ae5d690ccf38",
                "sha256:fb382fd7b4377363cc9f13ba7c819c3c78ed97c36a82f16f3f92f108c787cbbf",
                "sha256:fb9f59f3848edf186a76446eb8bcf4c900fe147cb756fbbd730ef43b2e67c6a7",
                "sha256:fc2931ac9ce9c61c9968989ec831d3a5e6fcaaff9474e7cfa8de80b7aff5a093"
            ],
            "markers": "python_version >= '3.8'",
            "version": "==1.13.1"
        },
        "yt-dlp": {
            "hashes": [
                "sha256:a49c4b76afeaded6254c3e2b759d8d5a13271aa963d5fccb51fe059d1c313151",
                "sha256:ea73854c5dabc124f29a35a8fae9bc5d422ef3231bebeea2bdfa82ac191a9c29"
            ],
            "index": "pypi",
            "markers": "python_version >= '3.9'",
            "version": "==2025.5.22"
        }
    },
    "develop": {
        "astroid": {
            "hashes": [
                "sha256:5eba185467253501b62a9f113c263524b4f5d55e1b30456370eed4cdbd6438fd",
                "sha256:e73d0b62dd680a7c07cb2cd0ce3c22570b044dd01bd994bc3a2dd16c6cbba162"
            ],
            "markers": "python_full_version >= '3.9.0'",
            "version": "==3.3.4"
        },
        "dill": {
            "hashes": [
                "sha256:468dff3b89520b474c0397703366b7b95eebe6303f108adf9b19da1f702be87a",
                "sha256:81aa267dddf68cbfe8029c42ca9ec6a4ab3b22371d1c450abc54422577b4512c"
            ],
            "markers": "python_version >= '3.11'",
            "version": "==0.3.9"
        },
        "isort": {
            "hashes": [
                "sha256:48fdfcb9face5d58a4f6dde2e72a1fb8dcaf8ab26f95ab49fab84c2ddefb0109",
                "sha256:8ca5e72a8d85860d5a3fa69b8745237f2939afe12dbf656afbcb47fe72d947a6"
            ],
            "markers": "python_version >= '3.8'",
            "version": "==5.13.2"
        },
        "mccabe": {
            "hashes": [
                "sha256:348e0240c33b60bbdf4e523192ef919f28cb2c3d7d5c7794f74009290f236325",
                "sha256:6c2d30ab6be0e4a46919781807b4f0d834ebdd6c6e3dca0bda5a15f863427b6e"
            ],
            "markers": "python_version >= '3.6'",
            "version": "==0.7.0"
        },
        "platformdirs": {
            "hashes": [
                "sha256:357fb2acbc885b0419afd3ce3ed34564c13c9b95c89360cd9563f73aa5e2b907",
                "sha256:73e575e1408ab8103900836b97580d5307456908a03e92031bab39e4554cc3fb"
            ],
            "markers": "python_version >= '3.8'",
            "version": "==4.3.6"
        },
        "pylint": {
            "hashes": [
                "sha256:2f846a466dd023513240bc140ad2dd73bfc080a5d85a710afdb728c420a5a2b9",
                "sha256:9f3dcc87b1203e612b78d91a896407787e708b3f189b5fa0b307712d49ff0c6e"
            ],
            "index": "pypi",
            "version": "==3.3.1"
        },
        "tomlkit": {
            "hashes": [
                "sha256:7a974427f6e119197f670fbbbeae7bef749a6c14e793db934baefc1b5f03efde",
                "sha256:fff5fe59a87295b278abd31bec92c15d9bc4a06885ab12bcea52c71119392e79"
            ],
            "markers": "python_version >= '3.8'",
            "version": "==0.13.2"
        }
    }
}
